
Microsoft Visual Studio Solution File, Format Version 12.00
# Visual Studio Version 17
VisualStudioVersion = 17.0.31903.59
MinimumVisualStudioVersion = 10.0.40219.1
Project("{2150E333-8FDC-42A3-9474-1A3956D46DE8}") = "MecanicaOS", "MecanicaOS", "{A05F1420-F66E-7904-4D01-1977FF3E2761}"
EndProject
Project("{FAE04EC0-301F-11D3-BF4B-00C04F79EFBC}") = "API", "MecanicaOS\API\API.csproj", "{1C41485D-5BA7-48DB-98E0-C8B1BAEB51CB}"
EndProject
Project("{FAE04EC0-301F-11D3-BF4B-00C04F79EFBC}") = "Infraestrutura", "MecanicaOS\Infraestrutura\Infraestrutura.csproj", "{CAF13C71-BA85-4435-89EF-221D26EE5573}"
EndProject
Project("{FAE04EC0-301F-11D3-BF4B-00C04F79EFBC}") = "Core", "MecanicaOS\Core\Core.csproj", "{493BE6C1-994D-4513-8313-7D31E5464F69}"
EndProject
Project("{FAE04EC0-301F-11D3-BF4B-00C04F79EFBC}") = "Adapters", "MecanicaOS\Adapters\Adapters.csproj", "{340971E7-54DE-3534-048F-E5C43716F3DC}"
EndProject
Project("{FAE04EC0-301F-11D3-BF4B-00C04F79EFBC}") = "MecanicaOS.UnitTests", "test\MecanicaOS.UnitTests\MecanicaOS.UnitTests.csproj", "{C39EE15A-9D95-B7DB-7CE7-0196DE872E4F}"
EndProject
Project("{2150E333-8FDC-42A3-9474-1A3956D46DE8}") = "k8s", "k8s", "{02EA681E-C7D8-13C7-8484-4AC65E1B71E8}"
	ProjectSection(SolutionItems) = preProject
		k8s\api-configmap.yaml = k8s\api-configmap.yaml
		k8s\api-deployment.yaml = k8s\api-deployment.yaml
		k8s\api-hpa.yaml = k8s\api-hpa.yaml
		k8s\api-secret.yaml = k8s\api-secret.yaml
		k8s\api-service.yaml = k8s\api-service.yaml
		k8s\db-configmap.yaml = k8s\db-configmap.yaml
		k8s\db-deployment.yaml = k8s\db-deployment.yaml
		k8s\db-pv.yaml = k8s\db-pv.yaml
		k8s\db-pvc.yaml = k8s\db-pvc.yaml
		k8s\db-service.yaml = k8s\db-service.yaml
		k8s\metrics.yaml = k8s\metrics.yaml
		k8s\pgadmin-configmap.yaml = k8s\pgadmin-configmap.yaml
		k8s\pgadmin-service.yaml = k8s\pgadmin-service.yaml
		k8s\pgadmin.yaml = k8s\pgadmin.yaml
	EndProjectSection
EndProject
Global
	GlobalSection(SolutionConfigurationPlatforms) = preSolution
		Debug|Any CPU = Debug|Any CPU
		Debug|x64 = Debug|x64
		Debug|x86 = Debug|x86
		Release|Any CPU = Release|Any CPU
		Release|x64 = Release|x64
		Release|x86 = Release|x86
	EndGlobalSection
	GlobalSection(ProjectConfigurationPlatforms) = postSolution
		{1C41485D-5BA7-48DB-98E0-C8B1BAEB51CB}.Debug|Any CPU.ActiveCfg = Debug|Any CPU
		{1C41485D-5BA7-48DB-98E0-C8B1BAEB51CB}.Debug|Any CPU.Build.0 = Debug|Any CPU
		{1C41485D-5BA7-48DB-98E0-C8B1BAEB51CB}.Debug|x64.ActiveCfg = Debug|Any CPU
		{1C41485D-5BA7-48DB-98E0-C8B1BAEB51CB}.Debug|x64.Build.0 = Debug|Any CPU
		{1C41485D-5BA7-48DB-98E0-C8B1BAEB51CB}.Debug|x86.ActiveCfg = Debug|Any CPU
		{1C41485D-5BA7-48DB-98E0-C8B1BAEB51CB}.Debug|x86.Build.0 = Debug|Any CPU
		{1C41485D-5BA7-48DB-98E0-C8B1BAEB51CB}.Release|Any CPU.ActiveCfg = Release|Any CPU
		{1C41485D-5BA7-48DB-98E0-C8B1BAEB51CB}.Release|Any CPU.Build.0 = Release|Any CPU
		{1C41485D-5BA7-48DB-98E0-C8B1BAEB51CB}.Release|x64.ActiveCfg = Release|Any CPU
		{1C41485D-5BA7-48DB-98E0-C8B1BAEB51CB}.Release|x64.Build.0 = Release|Any CPU
		{1C41485D-5BA7-48DB-98E0-C8B1BAEB51CB}.Release|x86.ActiveCfg = Release|Any CPU
		{1C41485D-5BA7-48DB-98E0-C8B1BAEB51CB}.Release|x86.Build.0 = Release|Any CPU
		{CAF13C71-BA85-4435-89EF-221D26EE5573}.Debug|Any CPU.ActiveCfg = Debug|Any CPU
		{CAF13C71-BA85-4435-89EF-221D26EE5573}.Debug|Any CPU.Build.0 = Debug|Any CPU
		{CAF13C71-BA85-4435-89EF-221D26EE5573}.Debug|x64.ActiveCfg = Debug|Any CPU
		{CAF13C71-BA85-4435-89EF-221D26EE5573}.Debug|x64.Build.0 = Debug|Any CPU
		{CAF13C71-BA85-4435-89EF-221D26EE5573}.Debug|x86.ActiveCfg = Debug|Any CPU
		{CAF13C71-BA85-4435-89EF-221D26EE5573}.Debug|x86.Build.0 = Debug|Any CPU
		{CAF13C71-BA85-4435-89EF-221D26EE5573}.Release|Any CPU.ActiveCfg = Release|Any CPU
		{CAF13C71-BA85-4435-89EF-221D26EE5573}.Release|Any CPU.Build.0 = Release|Any CPU
		{CAF13C71-BA85-4435-89EF-221D26EE5573}.Release|x64.ActiveCfg = Release|Any CPU
		{CAF13C71-BA85-4435-89EF-221D26EE5573}.Release|x64.Build.0 = Release|Any CPU
		{CAF13C71-BA85-4435-89EF-221D26EE5573}.Release|x86.ActiveCfg = Release|Any CPU
		{CAF13C71-BA85-4435-89EF-221D26EE5573}.Release|x86.Build.0 = Release|Any CPU
		{493BE6C1-994D-4513-8313-7D31E5464F69}.Debug|Any CPU.ActiveCfg = Debug|Any CPU
		{493BE6C1-994D-4513-8313-7D31E5464F69}.Debug|Any CPU.Build.0 = Debug|Any CPU
		{493BE6C1-994D-4513-8313-7D31E5464F69}.Debug|x64.ActiveCfg = Debug|Any CPU
		{493BE6C1-994D-4513-8313-7D31E5464F69}.Debug|x64.Build.0 = Debug|Any CPU
		{493BE6C1-994D-4513-8313-7D31E5464F69}.Debug|x86.ActiveCfg = Debug|Any CPU
		{493BE6C1-994D-4513-8313-7D31E5464F69}.Debug|x86.Build.0 = Debug|Any CPU
		{493BE6C1-994D-4513-8313-7D31E5464F69}.Release|Any CPU.ActiveCfg = Release|Any CPU
		{493BE6C1-994D-4513-8313-7D31E5464F69}.Release|Any CPU.Build.0 = Release|Any CPU
		{493BE6C1-994D-4513-8313-7D31E5464F69}.Release|x64.ActiveCfg = Release|Any CPU
		{493BE6C1-994D-4513-8313-7D31E5464F69}.Release|x64.Build.0 = Release|Any CPU
		{493BE6C1-994D-4513-8313-7D31E5464F69}.Release|x86.ActiveCfg = Release|Any CPU
		{493BE6C1-994D-4513-8313-7D31E5464F69}.Release|x86.Build.0 = Release|Any CPU
		{340971E7-54DE-3534-048F-E5C43716F3DC}.Debug|Any CPU.ActiveCfg = Debug|Any CPU
		{340971E7-54DE-3534-048F-E5C43716F3DC}.Debug|Any CPU.Build.0 = Debug|Any CPU
		{340971E7-54DE-3534-048F-E5C43716F3DC}.Debug|x64.ActiveCfg = Debug|Any CPU
		{340971E7-54DE-3534-048F-E5C43716F3DC}.Debug|x64.Build.0 = Debug|Any CPU
		{340971E7-54DE-3534-048F-E5C43716F3DC}.Debug|x86.ActiveCfg = Debug|Any CPU
		{340971E7-54DE-3534-048F-E5C43716F3DC}.Debug|x86.Build.0 = Debug|Any CPU
		{340971E7-54DE-3534-048F-E5C43716F3DC}.Release|Any CPU.ActiveCfg = Release|Any CPU
		{340971E7-54DE-3534-048F-E5C43716F3DC}.Release|Any CPU.Build.0 = Release|Any CPU
		{340971E7-54DE-3534-048F-E5C43716F3DC}.Release|x64.ActiveCfg = Release|Any CPU
		{340971E7-54DE-3534-048F-E5C43716F3DC}.Release|x64.Build.0 = Release|Any CPU
		{340971E7-54DE-3534-048F-E5C43716F3DC}.Release|x86.ActiveCfg = Release|Any CPU
		{340971E7-54DE-3534-048F-E5C43716F3DC}.Release|x86.Build.0 = Release|Any CPU
		{C39EE15A-9D95-B7DB-7CE7-0196DE872E4F}.Debug|Any CPU.ActiveCfg = Debug|Any CPU
		{C39EE15A-9D95-B7DB-7CE7-0196DE872E4F}.Debug|Any CPU.Build.0 = Debug|Any CPU
		{C39EE15A-9D95-B7DB-7CE7-0196DE872E4F}.Debug|x64.ActiveCfg = Debug|Any CPU
		{C39EE15A-9D95-B7DB-7CE7-0196DE872E4F}.Debug|x64.Build.0 = Debug|Any CPU
		{C39EE15A-9D95-B7DB-7CE7-0196DE872E4F}.Debug|x86.ActiveCfg = Debug|Any CPU
		{C39EE15A-9D95-B7DB-7CE7-0196DE872E4F}.Debug|x86.Build.0 = Debug|Any CPU
		{C39EE15A-9D95-B7DB-7CE7-0196DE872E4F}.Release|Any CPU.ActiveCfg = Release|Any CPU
		{C39EE15A-9D95-B7DB-7CE7-0196DE872E4F}.Release|Any CPU.Build.0 = Release|Any CPU
		{C39EE15A-9D95-B7DB-7CE7-0196DE872E4F}.Release|x64.ActiveCfg = Release|Any CPU
		{C39EE15A-9D95-B7DB-7CE7-0196DE872E4F}.Release|x64.Build.0 = Release|Any CPU
		{C39EE15A-9D95-B7DB-7CE7-0196DE872E4F}.Release|x86.ActiveCfg = Release|Any CPU
		{C39EE15A-9D95-B7DB-7CE7-0196DE872E4F}.Release|x86.Build.0 = Release|Any CPU
	EndGlobalSection
	GlobalSection(SolutionProperties) = preSolution
		HideSolutionNode = FALSE
	EndGlobalSection
	GlobalSection(NestedProjects) = preSolution
		{1C41485D-5BA7-48DB-98E0-C8B1BAEB51CB} = {A05F1420-F66E-7904-4D01-1977FF3E2761}
		{CAF13C71-BA85-4435-89EF-221D26EE5573} = {A05F1420-F66E-7904-4D01-1977FF3E2761}
		{493BE6C1-994D-4513-8313-7D31E5464F69} = {A05F1420-F66E-7904-4D01-1977FF3E2761}
		{340971E7-54DE-3534-048F-E5C43716F3DC} = {A05F1420-F66E-7904-4D01-1977FF3E2761}
	EndGlobalSection
	GlobalSection(ExtensibilityGlobals) = postSolution
		SolutionGuid = {BD7D145F-9541-49C0-9178-1F2701DD4A19}
	EndGlobalSection
EndGlobal
