{
  "version": 4,
  "terraform_version": "1.14.1",
  "serial": 221,
  "lineage": "d8cb3ada-861b-2de1-7960-072b92b38d3b",
  "outputs": {
    "docker_image": {
      "value": "339713065339.dkr.ecr.us-east-1.amazonaws.com/mecanicaos-ecr:latest",
      "type": "string"
    },
    "ecr_repository_url": {
      "value": "339713065339.dkr.ecr.us-east-1.amazonaws.com/mecanicaos-ecr",
      "type": "string"
    },
    "eks_cluster_endpoint": {
      "value": "https://053B5867D694BCB4AD65C26596E468EA.gr7.us-east-1.eks.amazonaws.com",
      "type": "string"
    },
    "eks_cluster_name": {
      "value": "eks-mecanicaos",
      "type": "string"
    },
    "kubectl_config_command": {
      "value": "aws eks update-kubeconfig --region us-east-1 --name eks-mecanicaos",
      "type": "string"
    },
    "subnet_ids": {
      "value": [
        "subnet-0ca7faff1de1c5b0f",
        "subnet-076dba61e593568f0",
        "subnet-036387678c3801921"
      ],
      "type": [
        "tuple",
        [
          "string",
          "string",
          "string"
        ]
      ]
    },
    "vpc_cidr": {
      "value": "10.0.0.0/16",
      "type": "string"
    },
    "vpc_id": {
      "value": "vpc-06a58ce4d1b7bab9b",
      "type": "string"
    }
  },
  "resources": [
    {
      "mode": "data",
      "type": "aws_caller_identity",
      "name": "current",
      "provider": "provider[\"registry.terraform.io/hashicorp/aws\"]",
      "instances": [
        {
          "schema_version": 0,
          "attributes": {
            "account_id": "339713065339",
            "arn": "arn:aws:sts::339713065339:assumed-role/voclabs/user4182995=pmfrp@hotmail.com",
            "id": "339713065339",
            "user_id": "AROAU6GD2AF5XDY5TF2WW:user4182995=pmfrp@hotmail.com"
          },
          "sensitive_attributes": [],
          "identity_schema_version": 0
        }
      ]
    },
    {
      "mode": "data",
      "type": "aws_eks_cluster",
      "name": "cluster",
      "provider": "provider[\"registry.terraform.io/hashicorp/aws\"]",
      "instances": [
        {
          "schema_version": 0,
          "attributes": {
            "access_config": [
              {
                "authentication_mode": "API",
                "bootstrap_cluster_creator_admin_permissions": true
              }
            ],
            "arn": "arn:aws:eks:us-east-1:339713065339:cluster/eks-mecanicaos",
            "certificate_authority": [
              {
                "data": "LS0tLS1CRUdJTiBDRVJUSUZJQ0FURS0tLS0tCk1JSURCVENDQWUyZ0F3SUJBZ0lJTVhTZGVxRzlSNnd3RFFZSktvWklodmNOQVFFTEJRQXdGVEVUTUJFR0ExVUUKQXhNS2EzVmlaWEp1WlhSbGN6QWVGdzB5TlRFeU1UWXdNREExTlRWYUZ3MHpOVEV5TVRRd01ERXdOVFZhTUJVeApFekFSQmdOVkJBTVRDbXQxWW1WeWJtVjBaWE13Z2dFaU1BMEdDU3FHU0liM0RRRUJBUVVBQTRJQkR3QXdnZ0VLCkFvSUJBUUNvUUVHV2lVTHpPU2ZMQ2M1VzdkQTI1czhtQm8xZUhwb21DRUNBOUZVbVFrUnZIMS9HdmFtUDA0cmgKL2wzZFk0R3dpNU9oV0pGNmFvUXRMd2hpWWtVbnJjNDBkV2s2MWlTYjJHY3VTbWUvWmw5TzE3MFR3dk1PaVNjbwovQWVGWUI4SlpDKzdVeUtyaXdYdVdkQ1lqbWZyamtnckd1djk0amEyeTVwWVRub0YyVXh6Y0JVT2FPQjJGSS85CjFLcEhGYTltTU85TXJGcU44Z3N4TUlJTWZVR1JmcDh6T1FXTy94RmxWWnBsOXFiM20xSTN5clJHcDkvWlV4V2cKVmRqWHZIVWdOcndMbFdDZDF0U1hwaFJZYk11OFh5a2t2RTZUY28wSjg5cFRyV2VDOWp6Sy9iZzRtKytaVTZlUwpYOVI4YndZWS9TVzJXMU95bVF6QXNqdGEyVmRUQWdNQkFBR2pXVEJYTUE0R0ExVWREd0VCL3dRRUF3SUNwREFQCkJnTlZIUk1CQWY4RUJUQURBUUgvTUIwR0ExVWREZ1FXQkJSZnp2b0tma05CZUtKYlpTajFZdVZiWkdkYUpqQVYKQmdOVkhSRUVEakFNZ2dwcmRXSmxjbTVsZEdWek1BMEdDU3FHU0liM0RRRUJDd1VBQTRJQkFRQnkzN0hIOCtNYgpUL3d6ZFZrRDVvK0dOUUt6R3BxUlI4UWlGdjF4YnNGdC9NdWlleXRFR0s2MENEay9tWGNIQkNsR2tGRXlCNEQrCjFmTk1CWVN5cFphL25JeHJOMWVzZXhIKytOaGMxamRqaUQ3Q3JUcWdxUlRnaExNaXkrWVdXbWtpR3Z0azdOWWcKYVhscEdnWVZsekpMOW56SkZKYXZHVmJjeGlyWndiY3A0Q1B4anFILzA3dUd5d2h0cW9jVWtpMGZlV1YyL2M1agp6dUVyU1dRR0ZnVXFiVjJWWER4K1VucDdoQmtpQkdZZFd1ZkZ0eFhxOHluOThpcXlzck1VMXVLQ0hyWjArQW1HClhiVFF5ZVN3ZUY3d3dTbE0vOGhlV2VrM1doRlBUQ0pGWU44clY0c0Q2YlRJQUs5QVhZV1ZCQXFRbWRDaUdDeFAKaG0rU0JrTzNya25ECi0tLS0tRU5EIENFUlRJRklDQVRFLS0tLS0K"
              }
            ],
            "cluster_id": null,
            "compute_config": [
              {
                "enabled": false,
                "node_pools": [],
                "node_role_arn": ""
              }
            ],
            "control_plane_scaling_config": [
              {
                "tier": "standard"
              }
            ],
            "created_at": "2025-12-16T00:03:26Z",
            "deletion_protection": false,
            "enabled_cluster_log_types": [],
            "endpoint": "https://053B5867D694BCB4AD65C26596E468EA.gr7.us-east-1.eks.amazonaws.com",
            "id": "eks-mecanicaos",
            "identity": [
              {
                "oidc": [
                  {
                    "issuer": "https://oidc.eks.us-east-1.amazonaws.com/id/053B5867D694BCB4AD65C26596E468EA"
                  }
                ]
              }
            ],
            "kubernetes_network_config": [
              {
                "elastic_load_balancing": [
                  {
                    "enabled": false
                  }
                ],
                "ip_family": "ipv4",
                "service_ipv4_cidr": "172.20.0.0/16",
                "service_ipv6_cidr": ""
              }
            ],
            "name": "eks-mecanicaos",
            "outpost_config": [],
            "platform_version": "eks.46",
            "region": "us-east-1",
            "remote_network_config": [],
            "role_arn": "arn:aws:iam::339713065339:role/c190909a4920103l13171091t1w339713-LabEksClusterRole-rtUJlxP1VN6O",
            "status": "ACTIVE",
            "storage_config": [
              {
                "block_storage": [
                  {
                    "enabled": false
                  }
                ]
              }
            ],
            "tags": {
              "Name": "eks-mecanicaos",
              "Project": "MecanicaOS"
            },
            "upgrade_policy": [
              {
                "support_type": "EXTENDED"
              }
            ],
            "version": "1.31",
            "vpc_config": [
              {
                "cluster_security_group_id": "sg-00318ec09837fda89",
                "endpoint_private_access": false,
                "endpoint_public_access": true,
                "public_access_cidrs": [
                  "0.0.0.0/0"
                ],
                "security_group_ids": [
                  "sg-0748e253ec6c62a94"
                ],
                "subnet_ids": [
                  "subnet-036387678c3801921",
                  "subnet-076dba61e593568f0",
                  "subnet-0ca7faff1de1c5b0f"
                ],
                "vpc_id": "vpc-06a58ce4d1b7bab9b"
              }
            ],
            "zonal_shift_config": []
          },
          "sensitive_attributes": [],
          "identity_schema_version": 0
        }
      ]
    },
    {
      "mode": "data",
      "type": "aws_eks_cluster_auth",
      "name": "auth",
      "provider": "provider[\"registry.terraform.io/hashicorp/aws\"]",
      "instances": [
        {
          "schema_version": 0,
          "attributes": {
            "id": "eks-mecanicaos",
            "name": "eks-mecanicaos",
            "region": "us-east-1",
            "token": "k8s-aws-v1.aHR0cHM6Ly9zdHMudXMtZWFzdC0xLmFtYXpvbmF3cy5jb20vP0FjdGlvbj1HZXRDYWxsZXJJZGVudGl0eSZWZXJzaW9uPTIwMTEtMDYtMTUmWC1BbXotQWxnb3JpdGhtPUFXUzQtSE1BQy1TSEEyNTYmWC1BbXotQ3JlZGVudGlhbD1BU0lBVTZHRDJBRjU1RkY2M0VTQiUyRjIwMjUxMjE2JTJGdXMtZWFzdC0xJTJGc3RzJTJGYXdzNF9yZXF1ZXN0JlgtQW16LURhdGU9MjAyNTEyMTZUMDAxMjQ2WiZYLUFtei1FeHBpcmVzPTAmWC1BbXotU2VjdXJpdHktVG9rZW49SVFvSmIzSnBaMmx1WDJWakVJJTJGJTJGJTJGJTJGJTJGJTJGJTJGJTJGJTJGJTJGJTJGd0VhQ1hWekxYZGxjM1F0TWlKSU1FWUNJUUQwakpGZzEzN09COXdSWjdpejJQcGVSaUFiQTV2MSUyQlYwMGNqVWR0UUxnemdJaEFOcVlsblRQOFEycWhtTndiUENUUXZRaUIzNFRXT0hHWW9vRjN5dU9uUTRtS3FzQ0NGZ1FBQm9NTXpNNU56RXpNRFkxTXpNNUlnd0xDQTYwNklXdXF2U1U3SEVxaUFLekd3ZFN0RHRGdjNwTXo4NTlNOVF1WTJtV2tOQjN6dnJaWmVaMHlKaWJwcWJ6MUNUeG5xcXg0SjJDUURhRm94dThWJTJCc0ROc3dVRGdQNThoRWRnT1p6OHV4a3A4VDVScDV5dTVDRElTMzdtc2t1JTJCNjhvOW05Tnh0SnlyeVdLOEl2VXB0bHVuSiUyRk54YUcyZjNkTVd6SXJDRUpMM3VBSWlrcVBBbnl2enBvSUd2OVhZWkN1VUJySmRtT2x1Um83VTdTUzRQdSUyRmtoYWpEYzZ2Z0hHM3JKSzg4TlVCV0JoT3QlMkJUQXhuOGpNSHlWQTNhelpLbUdLQ3dVMm8lMkJTbCUyQjViaEdIU09TSldlUUtWZmFha0R2RjE2RUs1dWZVT3ByMVBHUUFpMXNtSHluNk14dVhPV1FJSGowOElBMjZLWHpHU1h0MmdaR1M1Y2xGbWZDV282Tkg5ZUJqdTdsQUpGQklRWHFRdzRLV0N5Z1k2bkFFaXZVT3Rpa3NpRDB1cml3S3NjUFkzVklFN1FsQWNDYWhpRU9BOUdsWWV5JTJGQ0lIT2JCUUJUJTJCTU9FQ0wwMXhKNHVnbnN0ZEFIbXVRQkdyancxaVZLYXltSGVVb1pqZ0hBTVQxZThza3lBcGRvMGdvdmJDM2xNY25BYXBqbVk0RVNYcU50Sk5aaHBKbEt3NDBKQW1HNHJpUTN2RUQwQ2FYTnNkWnNLNjNxMkl4RGs1MG5JTyUyQm43ajNpVUxEY093MFQwY3BQOG5ZV1ZKN05wVzZoVSUzRCZYLUFtei1TaWduZWRIZWFkZXJzPWhvc3QlM0J4LWs4cy1hd3MtaWQmWC1BbXotU2lnbmF0dXJlPTExMTlkYzNiYjQ1YzQ4YmRiYjQ5NjYxZmJmNzc1ZTZkMDgyN2NlNmIzNGRjZGVmNmM5MWI5ZGRlZjM5MDk5ZGE"
          },
          "sensitive_attributes": [
            [
              {
                "type": "get_attr",
                "value": "token"
              }
            ]
          ],
          "identity_schema_version": 0
        }
      ]
    },
    {
      "mode": "data",
      "type": "aws_iam_role",
      "name": "eks_cluster_role",
      "provider": "provider[\"registry.terraform.io/hashicorp/aws\"]",
      "instances": [
        {
          "schema_version": 0,
          "attributes": {
            "arn": "arn:aws:iam::339713065339:role/c190909a4920103l13171091t1w339713-LabEksClusterRole-rtUJlxP1VN6O",
            "assume_role_policy": "{\"Version\":\"2012-10-17\",\"Statement\":[{\"Effect\":\"Allow\",\"Principal\":{\"Service\":\"eks.amazonaws.com\"},\"Action\":[\"sts:AssumeRole\",\"sts:TagSession\"]}]}",
            "create_date": "2025-12-15T22:59:41Z",
            "description": "",
            "id": "c190909a4920103l13171091t1w339713-LabEksClusterRole-rtUJlxP1VN6O",
            "max_session_duration": 3600,
            "name": "c190909a4920103l13171091t1w339713-LabEksClusterRole-rtUJlxP1VN6O",
            "path": "/",
            "permissions_boundary": "",
            "role_last_used": [
              {
                "last_used_date": "2025-12-15T23:56:59Z",
                "region": "us-east-1"
              }
            ],
            "tags": {
              "cloudlab": "c190909a4920103l13171091t1w339713065339"
            },
            "unique_id": "AROAU6GD2AF56MSHXWFVL"
          },
          "sensitive_attributes": [],
          "identity_schema_version": 0
        }
      ]
    },
    {
      "mode": "data",
      "type": "aws_iam_role",
      "name": "eks_node_role",
      "provider": "provider[\"registry.terraform.io/hashicorp/aws\"]",
      "instances": [
        {
          "schema_version": 0,
          "attributes": {
            "arn": "arn:aws:iam::339713065339:role/c190909a4920103l13171091t1w339713065-LabEksNodeRole-IywB1ohzSsEW",
            "assume_role_policy": "{\"Version\":\"2012-10-17\",\"Statement\":[{\"Effect\":\"Allow\",\"Principal\":{\"Service\":\"ec2.amazonaws.com\"},\"Action\":\"sts:AssumeRole\"}]}",
            "create_date": "2025-12-15T22:59:41Z",
            "description": "",
            "id": "c190909a4920103l13171091t1w339713065-LabEksNodeRole-IywB1ohzSsEW",
            "max_session_duration": 3600,
            "name": "c190909a4920103l13171091t1w339713065-LabEksNodeRole-IywB1ohzSsEW",
            "path": "/",
            "permissions_boundary": "",
            "role_last_used": [
              {
                "last_used_date": "2025-12-15T23:54:10Z",
                "region": "us-east-1"
              }
            ],
            "tags": {
              "cloudlab": "c190909a4920103l13171091t1w339713065339"
            },
            "unique_id": "AROAU6GD2AF53RO66ON5Q"
          },
          "sensitive_attributes": [],
          "identity_schema_version": 0
        }
      ]
    },
    {
      "mode": "data",
      "type": "aws_iam_role",
      "name": "lab_role",
      "provider": "provider[\"registry.terraform.io/hashicorp/aws\"]",
      "instances": [
        {
          "schema_version": 0,
          "attributes": {
            "arn": "arn:aws:iam::339713065339:role/LabRole",
            "assume_role_policy": "{\"Version\":\"2012-10-17\",\"Statement\":[{\"Effect\":\"Allow\",\"Principal\":{\"AWS\":\"arn:aws:iam::339713065339:role/LabRole\",\"Service\":[\"iot.amazonaws.com\",\"elasticloadbalancing.amazonaws.com\",\"iotevents.amazonaws.com\",\"ecs-tasks.amazonaws.com\",\"application-autoscaling.amazonaws.com\",\"sns.amazonaws.com\",\"iotanalytics.amazonaws.com\",\"cloudtrail.amazonaws.com\",\"ec2.amazonaws.com\",\"lambda.amazonaws.com\",\"logs.amazonaws.com\",\"codecommit.amazonaws.com\",\"rekognition.amazonaws.com\",\"eks.amazonaws.com\",\"events.amazonaws.com\",\"elasticfilesystem.amazonaws.com\",\"servicecatalog.amazonaws.com\",\"rds.amazonaws.com\",\"codewhisperer.amazonaws.com\",\"pipes.amazonaws.com\",\"forecast.amazonaws.com\",\"athena.amazonaws.com\",\"credentials.iot.amazonaws.com\",\"cloud9.amazonaws.com\",\"autoscaling.amazonaws.com\",\"backup.amazonaws.com\",\"resource-groups.amazonaws.com\",\"elasticmapreduce.amazonaws.com\",\"ec2.application-autoscaling.amazonaws.com\",\"scheduler.amazonaws.com\",\"batch.amazonaws.com\",\"s3.amazonaws.com\",\"states.amazonaws.com\",\"cloudformation.amazonaws.com\",\"firehose.amazonaws.com\",\"ecs.amazonaws.com\",\"elasticbeanstalk.amazonaws.com\",\"apigateway.amazonaws.com\",\"sqs.amazonaws.com\",\"kinesis.amazonaws.com\",\"secretsmanager.amazonaws.com\",\"codedeploy.amazonaws.com\",\"kinesisanalytics.amazonaws.com\",\"redshift.amazonaws.com\",\"glue.amazonaws.com\",\"cognito-idp.amazonaws.com\",\"deepracer.amazonaws.com\",\"dynamodb.amazonaws.com\",\"kms.amazonaws.com\",\"databrew.amazonaws.com\",\"eks-fargate-pods.amazonaws.com\",\"sagemaker.amazonaws.com\",\"ssm.amazonaws.com\"]},\"Action\":\"sts:AssumeRole\"}]}",
            "create_date": "2025-12-15T22:59:42Z",
            "description": "",
            "id": "LabRole",
            "max_session_duration": 3600,
            "name": "LabRole",
            "path": "/",
            "permissions_boundary": "",
            "role_last_used": [
              {
                "last_used_date": "2025-12-15T23:26:48Z",
                "region": "us-east-1"
              }
            ],
            "tags": {
              "cloudlab": "c190909a4920103l13171091t1w339713065339"
            },
            "unique_id": "AROAU6GD2AF542QR3FIER"
          },
          "sensitive_attributes": [],
          "identity_schema_version": 0
        }
      ]
    },
    {
      "mode": "managed",
      "type": "aws_ecr_repository",
      "name": "app",
      "provider": "provider[\"registry.terraform.io/hashicorp/aws\"]",
      "instances": [
        {
          "schema_version": 0,
          "attributes": {
            "arn": "arn:aws:ecr:us-east-1:339713065339:repository/mecanicaos-ecr",
            "encryption_configuration": [
              {
                "encryption_type": "AES256",
                "kms_key": ""
              }
            ],
            "force_delete": true,
            "id": "mecanicaos-ecr",
            "image_scanning_configuration": [
              {
                "scan_on_push": true
              }
            ],
            "image_tag_mutability": "MUTABLE",
            "image_tag_mutability_exclusion_filter": [],
            "name": "mecanicaos-ecr",
            "region": "us-east-1",
            "registry_id": "339713065339",
            "repository_url": "339713065339.dkr.ecr.us-east-1.amazonaws.com/mecanicaos-ecr",
            "tags": {
              "Env": "production",
              "Project": "mecanicaos"
            },
            "tags_all": {
              "Env": "production",
              "Project": "mecanicaos"
            },
            "timeouts": null
          },
          "sensitive_attributes": [],
          "identity_schema_version": 0,
          "identity": {
            "account_id": "339713065339",
            "name": "mecanicaos-ecr",
            "region": "us-east-1"
          },
          "private": "eyJlMmJmYjczMC1lY2FhLTExZTYtOGY4OC0zNDM2M2JjN2M0YzAiOnsiZGVsZXRlIjoxMjAwMDAwMDAwMDAwfX0="
        }
      ]
    },
    {
      "mode": "managed",
      "type": "aws_eks_access_entry",
      "name": "lab_role",
      "provider": "provider[\"registry.terraform.io/hashicorp/aws\"]",
      "instances": [
        {
          "schema_version": 0,
          "attributes": {
            "access_entry_arn": "arn:aws:eks:us-east-1:339713065339:access-entry/eks-mecanicaos/role/339713065339/LabRole/8ccd9240-4e43-fbc9-57c5-412ad0455707",
            "cluster_name": "eks-mecanicaos",
            "created_at": "2025-12-16T00:12:47Z",
            "id": "eks-mecanicaos:arn:aws:iam::339713065339:role/LabRole",
            "kubernetes_groups": [],
            "modified_at": "2025-12-16T00:12:47Z",
            "principal_arn": "arn:aws:iam::339713065339:role/LabRole",
            "region": "us-east-1",
            "tags": null,
            "tags_all": {},
            "timeouts": null,
            "type": "STANDARD",
            "user_name": "arn:aws:sts::339713065339:assumed-role/LabRole/{{SessionName}}"
          },
          "sensitive_attributes": [],
          "identity_schema_version": 0,
          "private": "eyJlMmJmYjczMC1lY2FhLTExZTYtOGY4OC0zNDM2M2JjN2M0YzAiOnsiY3JlYXRlIjo2MDAwMDAwMDAwMDAsImRlbGV0ZSI6NjAwMDAwMDAwMDAwfX0=",
          "dependencies": [
            "aws_eks_cluster.eks",
            "aws_internet_gateway.igw",
            "aws_route_table.public",
            "aws_route_table_association.public",
            "aws_security_group.eks",
            "aws_subnet.public",
            "aws_vpc.main",
            "data.aws_iam_role.eks_cluster_role",
            "data.aws_iam_role.lab_role"
          ]
        }
      ]
    },
    {
      "mode": "managed",
      "type": "aws_eks_access_entry",
      "name": "voclabs",
      "provider": "provider[\"registry.terraform.io/hashicorp/aws\"]",
      "instances": [
        {
          "schema_version": 0,
          "attributes": {
            "access_entry_arn": "arn:aws:eks:us-east-1:339713065339:access-entry/eks-mecanicaos/role/339713065339/voclabs/8ccd9240-4e42-c0db-54eb-a764dcdcfa05",
            "cluster_name": "eks-mecanicaos",
            "created_at": "2025-12-16T00:12:47Z",
            "id": "eks-mecanicaos:arn:aws:iam::339713065339:role/voclabs",
            "kubernetes_groups": [],
            "modified_at": "2025-12-16T00:12:47Z",
            "principal_arn": "arn:aws:iam::339713065339:role/voclabs",
            "region": "us-east-1",
            "tags": null,
            "tags_all": {},
            "timeouts": null,
            "type": "STANDARD",
            "user_name": "arn:aws:sts::339713065339:assumed-role/voclabs/{{SessionName}}"
          },
          "sensitive_attributes": [],
          "identity_schema_version": 0,
          "private": "eyJlMmJmYjczMC1lY2FhLTExZTYtOGY4OC0zNDM2M2JjN2M0YzAiOnsiY3JlYXRlIjo2MDAwMDAwMDAwMDAsImRlbGV0ZSI6NjAwMDAwMDAwMDAwfX0=",
          "dependencies": [
            "aws_eks_cluster.eks",
            "aws_internet_gateway.igw",
            "aws_route_table.public",
            "aws_route_table_association.public",
            "aws_security_group.eks",
            "aws_subnet.public",
            "aws_vpc.main",
            "data.aws_caller_identity.current",
            "data.aws_iam_role.eks_cluster_role"
          ]
        }
      ]
    },
    {
      "mode": "managed",
      "type": "aws_eks_access_policy_association",
      "name": "lab_role_admin",
      "provider": "provider[\"registry.terraform.io/hashicorp/aws\"]",
      "instances": [
        {
          "schema_version": 0,
          "attributes": {
            "access_scope": [
              {
                "namespaces": null,
                "type": "cluster"
              }
            ],
            "associated_at": "2025-12-16 00:12:48.336 +0000 UTC",
            "cluster_name": "eks-mecanicaos",
            "id": "eks-mecanicaos#arn:aws:iam::339713065339:role/LabRole#arn:aws:eks::aws:cluster-access-policy/AmazonEKSAdminPolicy",
            "modified_at": "2025-12-16 00:12:48.336 +0000 UTC",
            "policy_arn": "arn:aws:eks::aws:cluster-access-policy/AmazonEKSAdminPolicy",
            "principal_arn": "arn:aws:iam::339713065339:role/LabRole",
            "region": "us-east-1",
            "timeouts": null
          },
          "sensitive_attributes": [],
          "identity_schema_version": 0,
          "private": "eyJlMmJmYjczMC1lY2FhLTExZTYtOGY4OC0zNDM2M2JjN2M0YzAiOnsiY3JlYXRlIjo2MDAwMDAwMDAwMDAsImRlbGV0ZSI6NjAwMDAwMDAwMDAwfX0=",
          "dependencies": [
            "aws_eks_access_entry.lab_role",
            "aws_eks_cluster.eks",
            "aws_internet_gateway.igw",
            "aws_route_table.public",
            "aws_route_table_association.public",
            "aws_security_group.eks",
            "aws_subnet.public",
            "aws_vpc.main",
            "data.aws_iam_role.eks_cluster_role",
            "data.aws_iam_role.lab_role"
          ]
        }
      ]
    },
    {
      "mode": "managed",
      "type": "aws_eks_access_policy_association",
      "name": "voclabs_admin",
      "provider": "provider[\"registry.terraform.io/hashicorp/aws\"]",
      "instances": [
        {
          "schema_version": 0,
          "attributes": {
            "access_scope": [
              {
                "namespaces": null,
                "type": "cluster"
              }
            ],
            "associated_at": "2025-12-16 00:12:48 +0000 UTC",
            "cluster_name": "eks-mecanicaos",
            "id": "eks-mecanicaos#arn:aws:iam::339713065339:role/voclabs#arn:aws:eks::aws:cluster-access-policy/AmazonEKSClusterAdminPolicy",
            "modified_at": "2025-12-16 00:12:48 +0000 UTC",
            "policy_arn": "arn:aws:eks::aws:cluster-access-policy/AmazonEKSClusterAdminPolicy",
            "principal_arn": "arn:aws:iam::339713065339:role/voclabs",
            "region": "us-east-1",
            "timeouts": null
          },
          "sensitive_attributes": [],
          "identity_schema_version": 0,
          "private": "eyJlMmJmYjczMC1lY2FhLTExZTYtOGY4OC0zNDM2M2JjN2M0YzAiOnsiY3JlYXRlIjo2MDAwMDAwMDAwMDAsImRlbGV0ZSI6NjAwMDAwMDAwMDAwfX0=",
          "dependencies": [
            "aws_eks_access_entry.voclabs",
            "aws_eks_cluster.eks",
            "aws_internet_gateway.igw",
            "aws_route_table.public",
            "aws_route_table_association.public",
            "aws_security_group.eks",
            "aws_subnet.public",
            "aws_vpc.main",
            "data.aws_caller_identity.current",
            "data.aws_iam_role.eks_cluster_role"
          ]
        }
      ]
    },
    {
      "mode": "managed",
      "type": "aws_eks_cluster",
      "name": "eks",
      "provider": "provider[\"registry.terraform.io/hashicorp/aws\"]",
      "instances": [
        {
          "schema_version": 1,
          "attributes": {
            "access_config": [
              {
                "authentication_mode": "API",
                "bootstrap_cluster_creator_admin_permissions": false
              }
            ],
            "arn": "arn:aws:eks:us-east-1:339713065339:cluster/eks-mecanicaos",
            "bootstrap_self_managed_addons": true,
            "certificate_authority": [
              {
                "data": "LS0tLS1CRUdJTiBDRVJUSUZJQ0FURS0tLS0tCk1JSURCVENDQWUyZ0F3SUJBZ0lJTVhTZGVxRzlSNnd3RFFZSktvWklodmNOQVFFTEJRQXdGVEVUTUJFR0ExVUUKQXhNS2EzVmlaWEp1WlhSbGN6QWVGdzB5TlRFeU1UWXdNREExTlRWYUZ3MHpOVEV5TVRRd01ERXdOVFZhTUJVeApFekFSQmdOVkJBTVRDbXQxWW1WeWJtVjBaWE13Z2dFaU1BMEdDU3FHU0liM0RRRUJBUVVBQTRJQkR3QXdnZ0VLCkFvSUJBUUNvUUVHV2lVTHpPU2ZMQ2M1VzdkQTI1czhtQm8xZUhwb21DRUNBOUZVbVFrUnZIMS9HdmFtUDA0cmgKL2wzZFk0R3dpNU9oV0pGNmFvUXRMd2hpWWtVbnJjNDBkV2s2MWlTYjJHY3VTbWUvWmw5TzE3MFR3dk1PaVNjbwovQWVGWUI4SlpDKzdVeUtyaXdYdVdkQ1lqbWZyamtnckd1djk0amEyeTVwWVRub0YyVXh6Y0JVT2FPQjJGSS85CjFLcEhGYTltTU85TXJGcU44Z3N4TUlJTWZVR1JmcDh6T1FXTy94RmxWWnBsOXFiM20xSTN5clJHcDkvWlV4V2cKVmRqWHZIVWdOcndMbFdDZDF0U1hwaFJZYk11OFh5a2t2RTZUY28wSjg5cFRyV2VDOWp6Sy9iZzRtKytaVTZlUwpYOVI4YndZWS9TVzJXMU95bVF6QXNqdGEyVmRUQWdNQkFBR2pXVEJYTUE0R0ExVWREd0VCL3dRRUF3SUNwREFQCkJnTlZIUk1CQWY4RUJUQURBUUgvTUIwR0ExVWREZ1FXQkJSZnp2b0tma05CZUtKYlpTajFZdVZiWkdkYUpqQVYKQmdOVkhSRUVEakFNZ2dwcmRXSmxjbTVsZEdWek1BMEdDU3FHU0liM0RRRUJDd1VBQTRJQkFRQnkzN0hIOCtNYgpUL3d6ZFZrRDVvK0dOUUt6R3BxUlI4UWlGdjF4YnNGdC9NdWlleXRFR0s2MENEay9tWGNIQkNsR2tGRXlCNEQrCjFmTk1CWVN5cFphL25JeHJOMWVzZXhIKytOaGMxamRqaUQ3Q3JUcWdxUlRnaExNaXkrWVdXbWtpR3Z0azdOWWcKYVhscEdnWVZsekpMOW56SkZKYXZHVmJjeGlyWndiY3A0Q1B4anFILzA3dUd5d2h0cW9jVWtpMGZlV1YyL2M1agp6dUVyU1dRR0ZnVXFiVjJWWER4K1VucDdoQmtpQkdZZFd1ZkZ0eFhxOHluOThpcXlzck1VMXVLQ0hyWjArQW1HClhiVFF5ZVN3ZUY3d3dTbE0vOGhlV2VrM1doRlBUQ0pGWU44clY0c0Q2YlRJQUs5QVhZV1ZCQXFRbWRDaUdDeFAKaG0rU0JrTzNya25ECi0tLS0tRU5EIENFUlRJRklDQVRFLS0tLS0K"
              }
            ],
            "cluster_id": null,
            "compute_config": [
              {
                "enabled": false,
                "node_pools": [],
                "node_role_arn": ""
              }
            ],
            "control_plane_scaling_config": [
              {
                "tier": "standard"
              }
            ],
            "created_at": "2025-12-16T00:03:26Z",
            "deletion_protection": false,
            "enabled_cluster_log_types": null,
            "encryption_config": [],
            "endpoint": "https://053B5867D694BCB4AD65C26596E468EA.gr7.us-east-1.eks.amazonaws.com",
            "force_update_version": null,
            "id": "eks-mecanicaos",
            "identity": [
              {
                "oidc": [
                  {
                    "issuer": "https://oidc.eks.us-east-1.amazonaws.com/id/053B5867D694BCB4AD65C26596E468EA"
                  }
                ]
              }
            ],
            "kubernetes_network_config": [
              {
                "elastic_load_balancing": [
                  {
                    "enabled": false
                  }
                ],
                "ip_family": "ipv4",
                "service_ipv4_cidr": "172.20.0.0/16",
                "service_ipv6_cidr": ""
              }
            ],
            "name": "eks-mecanicaos",
            "outpost_config": [],
            "platform_version": "eks.46",
            "region": "us-east-1",
            "remote_network_config": [],
            "role_arn": "arn:aws:iam::339713065339:role/c190909a4920103l13171091t1w339713-LabEksClusterRole-rtUJlxP1VN6O",
            "status": "ACTIVE",
            "storage_config": [
              {
                "block_storage": [
                  {
                    "enabled": false
                  }
                ]
              }
            ],
            "tags": {
              "Name": "eks-mecanicaos",
              "Project": "MecanicaOS"
            },
            "tags_all": {
              "Name": "eks-mecanicaos",
              "Project": "MecanicaOS"
            },
            "timeouts": null,
            "upgrade_policy": [
              {
                "support_type": "EXTENDED"
              }
            ],
            "version": "1.31",
            "vpc_config": [
              {
                "cluster_security_group_id": "sg-00318ec09837fda89",
                "endpoint_private_access": false,
                "endpoint_public_access": true,
                "public_access_cidrs": [
                  "0.0.0.0/0"
                ],
                "security_group_ids": [
                  "sg-0748e253ec6c62a94"
                ],
                "subnet_ids": [
                  "subnet-036387678c3801921",
                  "subnet-076dba61e593568f0",
                  "subnet-0ca7faff1de1c5b0f"
                ],
                "vpc_id": "vpc-06a58ce4d1b7bab9b"
              }
            ],
            "zonal_shift_config": []
          },
          "sensitive_attributes": [],
          "identity_schema_version": 0,
          "private": "eyJlMmJmYjczMC1lY2FhLTExZTYtOGY4OC0zNDM2M2JjN2M0YzAiOnsiY3JlYXRlIjoxODAwMDAwMDAwMDAwLCJkZWxldGUiOjkwMDAwMDAwMDAwMCwidXBkYXRlIjozNjAwMDAwMDAwMDAwfSwic2NoZW1hX3ZlcnNpb24iOiIxIn0=",
          "dependencies": [
            "aws_internet_gateway.igw",
            "aws_route_table.public",
            "aws_route_table_association.public",
            "aws_security_group.eks",
            "aws_subnet.public",
            "aws_vpc.main",
            "data.aws_iam_role.eks_cluster_role"
          ]
        }
      ]
    },
    {
      "mode": "managed",
      "type": "aws_eks_node_group",
      "name": "nodes",
      "provider": "provider[\"registry.terraform.io/hashicorp/aws\"]",
      "instances": [
        {
          "schema_version": 0,
          "attributes": {
            "ami_type": "AL2023_x86_64_STANDARD",
            "arn": "arn:aws:eks:us-east-1:339713065339:nodegroup/eks-mecanicaos/nodegroup-mecanicaos/7acd9240-4e21-3941-a8cd-42557bbe6015",
            "capacity_type": "ON_DEMAND",
            "cluster_name": "eks-mecanicaos",
            "disk_size": 50,
            "force_update_version": null,
            "id": "eks-mecanicaos:nodegroup-mecanicaos",
            "instance_types": [
              "t3.medium"
            ],
            "labels": null,
            "launch_template": [],
            "node_group_name": "nodegroup-mecanicaos",
            "node_group_name_prefix": "",
            "node_repair_config": [],
            "node_role_arn": "arn:aws:iam::339713065339:role/c190909a4920103l13171091t1w339713065-LabEksNodeRole-IywB1ohzSsEW",
            "region": "us-east-1",
            "release_version": "1.31.13-20251209",
            "remote_access": [],
            "resources": [
              {
                "autoscaling_groups": [
                  {
                    "name": "eks-nodegroup-mecanicaos-7acd9240-4e21-3941-a8cd-42557bbe6015"
                  }
                ],
                "remote_access_security_group_id": ""
              }
            ],
            "scaling_config": [
              {
                "desired_size": 2,
                "max_size": 3,
                "min_size": 1
              }
            ],
            "status": "ACTIVE",
            "subnet_ids": [
              "subnet-036387678c3801921",
              "subnet-076dba61e593568f0",
              "subnet-0ca7faff1de1c5b0f"
            ],
            "tags": {
              "Name": "nodegroup-mecanicaos",
              "Project": "MecanicaOS"
            },
            "tags_all": {
              "Name": "nodegroup-mecanicaos",
              "Project": "MecanicaOS"
            },
            "taint": [],
            "timeouts": null,
            "update_config": [
              {
                "max_unavailable": 1,
                "max_unavailable_percentage": 0
              }
            ],
            "version": "1.31"
          },
          "sensitive_attributes": [],
          "identity_schema_version": 0,
          "private": "eyJlMmJmYjczMC1lY2FhLTExZTYtOGY4OC0zNDM2M2JjN2M0YzAiOnsiY3JlYXRlIjozNjAwMDAwMDAwMDAwLCJkZWxldGUiOjM2MDAwMDAwMDAwMDAsInVwZGF0ZSI6MzYwMDAwMDAwMDAwMH19",
          "dependencies": [
            "aws_eks_cluster.eks",
            "aws_internet_gateway.igw",
            "aws_route_table.public",
            "aws_route_table_association.public",
            "aws_security_group.eks",
            "aws_subnet.public",
            "aws_vpc.main",
            "data.aws_iam_role.eks_cluster_role",
            "data.aws_iam_role.eks_node_role"
          ]
        }
      ]
    },
    {
      "mode": "managed",
      "type": "aws_internet_gateway",
      "name": "igw",
      "provider": "provider[\"registry.terraform.io/hashicorp/aws\"]",
      "instances": [
        {
          "schema_version": 0,
          "attributes": {
            "arn": "arn:aws:ec2:us-east-1:339713065339:internet-gateway/igw-0deed2de86de9cb6f",
            "id": "igw-0deed2de86de9cb6f",
            "owner_id": "339713065339",
            "region": "us-east-1",
            "tags": {
              "Name": "mecanicaos-igw",
              "Project": "MecanicaOS"
            },
            "tags_all": {
              "Name": "mecanicaos-igw",
              "Project": "MecanicaOS"
            },
            "timeouts": null,
            "vpc_id": "vpc-06a58ce4d1b7bab9b"
          },
          "sensitive_attributes": [],
          "identity_schema_version": 0,
          "private": "eyJlMmJmYjczMC1lY2FhLTExZTYtOGY4OC0zNDM2M2JjN2M0YzAiOnsiY3JlYXRlIjoxMjAwMDAwMDAwMDAwLCJkZWxldGUiOjEyMDAwMDAwMDAwMDAsInVwZGF0ZSI6MTIwMDAwMDAwMDAwMH19",
          "dependencies": [
            "aws_vpc.main"
          ]
        }
      ]
    },
    {
      "mode": "managed",
      "type": "aws_route_table",
      "name": "public",
      "provider": "provider[\"registry.terraform.io/hashicorp/aws\"]",
      "instances": [
        {
          "schema_version": 0,
          "attributes": {
            "arn": "arn:aws:ec2:us-east-1:339713065339:route-table/rtb-04515fa92b26c06c3",
            "id": "rtb-04515fa92b26c06c3",
            "owner_id": "339713065339",
            "propagating_vgws": [],
            "region": "us-east-1",
            "route": [
              {
                "carrier_gateway_id": "",
                "cidr_block": "0.0.0.0/0",
                "core_network_arn": "",
                "destination_prefix_list_id": "",
                "egress_only_gateway_id": "",
                "gateway_id": "igw-0deed2de86de9cb6f",
                "ipv6_cidr_block": "",
                "local_gateway_id": "",
                "nat_gateway_id": "",
                "network_interface_id": "",
                "transit_gateway_id": "",
                "vpc_endpoint_id": "",
                "vpc_peering_connection_id": ""
              },
              {
                "carrier_gateway_id": "",
                "cidr_block": "10.0.0.0/16",
                "core_network_arn": "",
                "destination_prefix_list_id": "",
                "egress_only_gateway_id": "",
                "gateway_id": "local",
                "ipv6_cidr_block": "",
                "local_gateway_id": "",
                "nat_gateway_id": "",
                "network_interface_id": "",
                "transit_gateway_id": "",
                "vpc_endpoint_id": "",
                "vpc_peering_connection_id": ""
              }
            ],
            "tags": {
              "Name": "mecanicaos-rt-public",
              "Project": "MecanicaOS"
            },
            "tags_all": {
              "Name": "mecanicaos-rt-public",
              "Project": "MecanicaOS"
            },
            "timeouts": null,
            "vpc_id": "vpc-06a58ce4d1b7bab9b"
          },
          "sensitive_attributes": [],
          "identity_schema_version": 0,
          "identity": {
            "account_id": "339713065339",
            "id": "rtb-04515fa92b26c06c3",
            "region": "us-east-1"
          },
          "private": "eyJlMmJmYjczMC1lY2FhLTExZTYtOGY4OC0zNDM2M2JjN2M0YzAiOnsiY3JlYXRlIjozMDAwMDAwMDAwMDAsImRlbGV0ZSI6MzAwMDAwMDAwMDAwLCJ1cGRhdGUiOjEyMDAwMDAwMDAwMH19",
          "dependencies": [
            "aws_internet_gateway.igw",
            "aws_vpc.main"
          ]
        }
      ]
    },
    {
      "mode": "managed",
      "type": "aws_route_table_association",
      "name": "public",
      "provider": "provider[\"registry.terraform.io/hashicorp/aws\"]",
      "instances": [
        {
          "index_key": 0,
          "schema_version": 0,
          "attributes": {
            "gateway_id": "",
            "id": "rtbassoc-0afc90213367eb0dc",
            "region": "us-east-1",
            "route_table_id": "rtb-04515fa92b26c06c3",
            "subnet_id": "subnet-0ca7faff1de1c5b0f",
            "timeouts": null
          },
          "sensitive_attributes": [],
          "identity_schema_version": 0,
          "private": "eyJlMmJmYjczMC1lY2FhLTExZTYtOGY4OC0zNDM2M2JjN2M0YzAiOnsiY3JlYXRlIjozMDAwMDAwMDAwMDAsImRlbGV0ZSI6MzAwMDAwMDAwMDAwLCJ1cGRhdGUiOjEyMDAwMDAwMDAwMH19",
          "dependencies": [
            "aws_internet_gateway.igw",
            "aws_route_table.public",
            "aws_subnet.public",
            "aws_vpc.main"
          ]
        },
        {
          "index_key": 1,
          "schema_version": 0,
          "attributes": {
            "gateway_id": "",
            "id": "rtbassoc-03c551c7b8bf5aa7c",
            "region": "us-east-1",
            "route_table_id": "rtb-04515fa92b26c06c3",
            "subnet_id": "subnet-076dba61e593568f0",
            "timeouts": null
          },
          "sensitive_attributes": [],
          "identity_schema_version": 0,
          "private": "eyJlMmJmYjczMC1lY2FhLTExZTYtOGY4OC0zNDM2M2JjN2M0YzAiOnsiY3JlYXRlIjozMDAwMDAwMDAwMDAsImRlbGV0ZSI6MzAwMDAwMDAwMDAwLCJ1cGRhdGUiOjEyMDAwMDAwMDAwMH19",
          "dependencies": [
            "aws_internet_gateway.igw",
            "aws_route_table.public",
            "aws_subnet.public",
            "aws_vpc.main"
          ]
        },
        {
          "index_key": 2,
          "schema_version": 0,
          "attributes": {
            "gateway_id": "",
            "id": "rtbassoc-0f72b65a72ff43967",
            "region": "us-east-1",
            "route_table_id": "rtb-04515fa92b26c06c3",
            "subnet_id": "subnet-036387678c3801921",
            "timeouts": null
          },
          "sensitive_attributes": [],
          "identity_schema_version": 0,
          "private": "eyJlMmJmYjczMC1lY2FhLTExZTYtOGY4OC0zNDM2M2JjN2M0YzAiOnsiY3JlYXRlIjozMDAwMDAwMDAwMDAsImRlbGV0ZSI6MzAwMDAwMDAwMDAwLCJ1cGRhdGUiOjEyMDAwMDAwMDAwMH19",
          "dependencies": [
            "aws_internet_gateway.igw",
            "aws_route_table.public",
            "aws_subnet.public",
            "aws_vpc.main"
          ]
        }
      ]
    },
    {
      "mode": "managed",
      "type": "aws_security_group",
      "name": "eks",
      "provider": "provider[\"registry.terraform.io/hashicorp/aws\"]",
      "instances": [
        {
          "schema_version": 1,
          "attributes": {
            "arn": "arn:aws:ec2:us-east-1:339713065339:security-group/sg-0748e253ec6c62a94",
            "description": "Security group para EKS e services",
            "egress": [
              {
                "cidr_blocks": [
                  "0.0.0.0/0"
                ],
                "description": "All outbound",
                "from_port": 0,
                "ipv6_cidr_blocks": [],
                "prefix_list_ids": [],
                "protocol": "-1",
                "security_groups": [],
                "self": false,
                "to_port": 0
              }
            ],
            "id": "sg-0748e253ec6c62a94",
            "ingress": [
              {
                "cidr_blocks": [
                  "0.0.0.0/0"
                ],
                "description": "HTTP",
                "from_port": 80,
                "ipv6_cidr_blocks": [],
                "prefix_list_ids": [],
                "protocol": "tcp",
                "security_groups": [],
                "self": false,
                "to_port": 80
              },
              {
                "cidr_blocks": [
                  "0.0.0.0/0"
                ],
                "description": "HTTPS",
                "from_port": 443,
                "ipv6_cidr_blocks": [],
                "prefix_list_ids": [],
                "protocol": "tcp",
                "security_groups": [],
                "self": false,
                "to_port": 443
              }
            ],
            "name": "mecanicaos-sg",
            "name_prefix": "",
            "owner_id": "339713065339",
            "region": "us-east-1",
            "revoke_rules_on_delete": false,
            "tags": {
              "Name": "mecanicaos-sg",
              "Project": "MecanicaOS"
            },
            "tags_all": {
              "Name": "mecanicaos-sg",
              "Project": "MecanicaOS"
            },
            "timeouts": null,
            "vpc_id": "vpc-06a58ce4d1b7bab9b"
          },
          "sensitive_attributes": [],
          "identity_schema_version": 0,
          "identity": {
            "account_id": "339713065339",
            "id": "sg-0748e253ec6c62a94",
            "region": "us-east-1"
          },
          "private": "eyJlMmJmYjczMC1lY2FhLTExZTYtOGY4OC0zNDM2M2JjN2M0YzAiOnsiY3JlYXRlIjo2MDAwMDAwMDAwMDAsImRlbGV0ZSI6OTAwMDAwMDAwMDAwfSwic2NoZW1hX3ZlcnNpb24iOiIxIn0=",
          "dependencies": [
            "aws_vpc.main"
          ]
        }
      ]
    },
    {
      "mode": "managed",
      "type": "aws_subnet",
      "name": "public",
      "provider": "provider[\"registry.terraform.io/hashicorp/aws\"]",
      "instances": [
        {
          "index_key": 0,
          "schema_version": 1,
          "attributes": {
            "arn": "arn:aws:ec2:us-east-1:339713065339:subnet/subnet-0ca7faff1de1c5b0f",
            "assign_ipv6_address_on_creation": false,
            "availability_zone": "us-east-1a",
            "availability_zone_id": "use1-az6",
            "cidr_block": "10.0.0.0/20",
            "customer_owned_ipv4_pool": "",
            "enable_dns64": false,
            "enable_lni_at_device_index": 0,
            "enable_resource_name_dns_a_record_on_launch": false,
            "enable_resource_name_dns_aaaa_record_on_launch": false,
            "id": "subnet-0ca7faff1de1c5b0f",
            "ipv6_cidr_block": "",
            "ipv6_cidr_block_association_id": "",
            "ipv6_native": false,
            "map_customer_owned_ip_on_launch": false,
            "map_public_ip_on_launch": true,
            "outpost_arn": "",
            "owner_id": "339713065339",
            "private_dns_hostname_type_on_launch": "ip-name",
            "region": "us-east-1",
            "tags": {
              "Name": "mecanicaos-subnet-1",
              "Project": "MecanicaOS"
            },
            "tags_all": {
              "Name": "mecanicaos-subnet-1",
              "Project": "MecanicaOS"
            },
            "timeouts": null,
            "vpc_id": "vpc-06a58ce4d1b7bab9b"
          },
          "sensitive_attributes": [],
          "identity_schema_version": 0,
          "identity": {
            "account_id": "339713065339",
            "id": "subnet-0ca7faff1de1c5b0f",
            "region": "us-east-1"
          },
          "private": "eyJlMmJmYjczMC1lY2FhLTExZTYtOGY4OC0zNDM2M2JjN2M0YzAiOnsiY3JlYXRlIjo2MDAwMDAwMDAwMDAsImRlbGV0ZSI6MTIwMDAwMDAwMDAwMH0sInNjaGVtYV92ZXJzaW9uIjoiMSJ9",
          "dependencies": [
            "aws_vpc.main"
          ]
        },
        {
          "index_key": 1,
          "schema_version": 1,
          "attributes": {
            "arn": "arn:aws:ec2:us-east-1:339713065339:subnet/subnet-076dba61e593568f0",
            "assign_ipv6_address_on_creation": false,
            "availability_zone": "us-east-1b",
            "availability_zone_id": "use1-az1",
            "cidr_block": "10.0.16.0/20",
            "customer_owned_ipv4_pool": "",
            "enable_dns64": false,
            "enable_lni_at_device_index": 0,
            "enable_resource_name_dns_a_record_on_launch": false,
            "enable_resource_name_dns_aaaa_record_on_launch": false,
            "id": "subnet-076dba61e593568f0",
            "ipv6_cidr_block": "",
            "ipv6_cidr_block_association_id": "",
            "ipv6_native": false,
            "map_customer_owned_ip_on_launch": false,
            "map_public_ip_on_launch": true,
            "outpost_arn": "",
            "owner_id": "339713065339",
            "private_dns_hostname_type_on_launch": "ip-name",
            "region": "us-east-1",
            "tags": {
              "Name": "mecanicaos-subnet-2",
              "Project": "MecanicaOS"
            },
            "tags_all": {
              "Name": "mecanicaos-subnet-2",
              "Project": "MecanicaOS"
            },
            "timeouts": null,
            "vpc_id": "vpc-06a58ce4d1b7bab9b"
          },
          "sensitive_attributes": [],
          "identity_schema_version": 0,
          "identity": {
            "account_id": "339713065339",
            "id": "subnet-076dba61e593568f0",
            "region": "us-east-1"
          },
          "private": "eyJlMmJmYjczMC1lY2FhLTExZTYtOGY4OC0zNDM2M2JjN2M0YzAiOnsiY3JlYXRlIjo2MDAwMDAwMDAwMDAsImRlbGV0ZSI6MTIwMDAwMDAwMDAwMH0sInNjaGVtYV92ZXJzaW9uIjoiMSJ9",
          "dependencies": [
            "aws_vpc.main"
          ]
        },
        {
          "index_key": 2,
          "schema_version": 1,
          "attributes": {
            "arn": "arn:aws:ec2:us-east-1:339713065339:subnet/subnet-036387678c3801921",
            "assign_ipv6_address_on_creation": false,
            "availability_zone": "us-east-1c",
            "availability_zone_id": "use1-az2",
            "cidr_block": "10.0.32.0/20",
            "customer_owned_ipv4_pool": "",
            "enable_dns64": false,
            "enable_lni_at_device_index": 0,
            "enable_resource_name_dns_a_record_on_launch": false,
            "enable_resource_name_dns_aaaa_record_on_launch": false,
            "id": "subnet-036387678c3801921",
            "ipv6_cidr_block": "",
            "ipv6_cidr_block_association_id": "",
            "ipv6_native": false,
            "map_customer_owned_ip_on_launch": false,
            "map_public_ip_on_launch": true,
            "outpost_arn": "",
            "owner_id": "339713065339",
            "private_dns_hostname_type_on_launch": "ip-name",
            "region": "us-east-1",
            "tags": {
              "Name": "mecanicaos-subnet-3",
              "Project": "MecanicaOS"
            },
            "tags_all": {
              "Name": "mecanicaos-subnet-3",
              "Project": "MecanicaOS"
            },
            "timeouts": null,
            "vpc_id": "vpc-06a58ce4d1b7bab9b"
          },
          "sensitive_attributes": [],
          "identity_schema_version": 0,
          "identity": {
            "account_id": "339713065339",
            "id": "subnet-036387678c3801921",
            "region": "us-east-1"
          },
          "private": "eyJlMmJmYjczMC1lY2FhLTExZTYtOGY4OC0zNDM2M2JjN2M0YzAiOnsiY3JlYXRlIjo2MDAwMDAwMDAwMDAsImRlbGV0ZSI6MTIwMDAwMDAwMDAwMH0sInNjaGVtYV92ZXJzaW9uIjoiMSJ9",
          "dependencies": [
            "aws_vpc.main"
          ]
        }
      ]
    },
    {
      "mode": "managed",
      "type": "aws_vpc",
      "name": "main",
      "provider": "provider[\"registry.terraform.io/hashicorp/aws\"]",
      "instances": [
        {
          "schema_version": 1,
          "attributes": {
            "arn": "arn:aws:ec2:us-east-1:339713065339:vpc/vpc-06a58ce4d1b7bab9b",
            "assign_generated_ipv6_cidr_block": false,
            "cidr_block": "10.0.0.0/16",
            "default_network_acl_id": "acl-07ac6d89a966e9f40",
            "default_route_table_id": "rtb-0c6ef10d16aee0c1a",
            "default_security_group_id": "sg-0780192d1288266ce",
            "dhcp_options_id": "dopt-0ec5887801f31ab7c",
            "enable_dns_hostnames": true,
            "enable_dns_support": true,
            "enable_network_address_usage_metrics": false,
            "id": "vpc-06a58ce4d1b7bab9b",
            "instance_tenancy": "default",
            "ipv4_ipam_pool_id": null,
            "ipv4_netmask_length": null,
            "ipv6_association_id": "",
            "ipv6_cidr_block": "",
            "ipv6_cidr_block_network_border_group": "",
            "ipv6_ipam_pool_id": "",
            "ipv6_netmask_length": 0,
            "main_route_table_id": "rtb-0c6ef10d16aee0c1a",
            "owner_id": "339713065339",
            "region": "us-east-1",
            "tags": {
              "Name": "mecanicaos-vpc",
              "Project": "MecanicaOS"
            },
            "tags_all": {
              "Name": "mecanicaos-vpc",
              "Project": "MecanicaOS"
            }
          },
          "sensitive_attributes": [],
          "identity_schema_version": 0,
          "identity": {
            "account_id": "339713065339",
            "id": "vpc-06a58ce4d1b7bab9b",
            "region": "us-east-1"
          },
          "private": "eyJzY2hlbWFfdmVyc2lvbiI6IjEifQ=="
        }
      ]
    },
    {
      "mode": "managed",
      "type": "kubectl_manifest",
      "name": "k8s_configmap",
      "provider": "provider[\"registry.terraform.io/gavinbunney/kubectl\"]",
      "instances": [
        {
          "schema_version": 1,
          "attributes": {
            "api_version": "v1",
            "apply_only": false,
            "force_conflicts": false,
            "force_new": false,
            "id": "/api/v1/namespaces/mecanicaos/configmaps/api-configmap",
            "ignore_fields": null,
            "kind": "ConfigMap",
            "live_manifest_incluster": "e518cf5a4a231c415a58f0571eb5494e16dc66f795dc6f8b3e696f41e9e0e37f",
            "live_uid": "f5d29cee-bb27-4f02-83b2-e8ed192064ab",
            "name": "api-configmap",
            "namespace": "mecanicaos",
            "override_namespace": null,
            "sensitive_fields": null,
            "server_side_apply": false,
            "timeouts": null,
            "uid": "f5d29cee-bb27-4f02-83b2-e8ed192064ab",
            "validate_schema": true,
            "wait": null,
            "wait_for_rollout": true,
            "yaml_body": "apiVersion: v1\r\nkind: ConfigMap\r\nmetadata:\r\n  name: api-configmap\r\n  namespace: mecanicaos\r\ndata:\r\n  ASPNETCORE_ENVIRONMENT: \"production\"\r\n  ASPNETCORE_URLS: \"http://+:80\"\r\n  ConnectionStrings__DefaultConnection: \"Host=aws-1-sa-east-1.pooler.supabase.com;Port=5432;Database=postgres;Username=postgres.uniaamdoomwnxtpmgcxs;Password=Q3qV@dS2Te*kKGZ;SSL Mode=Require;Trust Server Certificate=true\"\r\n  Jwt__Issuer: \"MecanicaOS\"\r\n  Jwt__Audience: \"MecanicaOS-API\"\r\n  Jwt__ExpiryInMinutes: \"120\"\r\n  # OpenTelemetry\r\n  OTEL_SERVICE_NAME: \"mecanicaos-api\"\r\n  OTEL_EXPORTER_OTLP_ENDPOINT: \"http://otel-collector.observability:4317\"\r\n  OTEL_EXPORTER_OTLP_PROTOCOL: \"grpc\"",
            "yaml_body_parsed": "apiVersion: v1\ndata:\n  ASPNETCORE_ENVIRONMENT: production\n  ASPNETCORE_URLS: http://+:80\n  ConnectionStrings__DefaultConnection: Host=aws-1-sa-east-1.pooler.supabase.com;Port=5432;Database=postgres;Username=postgres.uniaamdoomwnxtpmgcxs;Password=Q3qV@dS2Te*kKGZ;SSL\n    Mode=Require;Trust Server Certificate=true\n  Jwt__Audience: MecanicaOS-API\n  Jwt__ExpiryInMinutes: \"120\"\n  Jwt__Issuer: MecanicaOS\n  OTEL_EXPORTER_OTLP_ENDPOINT: http://otel-collector.observability:4317\n  OTEL_EXPORTER_OTLP_PROTOCOL: grpc\n  OTEL_SERVICE_NAME: mecanicaos-api\nkind: ConfigMap\nmetadata:\n  name: api-configmap\n  namespace: mecanicaos\n",
            "yaml_incluster": "e518cf5a4a231c415a58f0571eb5494e16dc66f795dc6f8b3e696f41e9e0e37f"
          },
          "sensitive_attributes": [
            [
              {
                "type": "get_attr",
                "value": "live_manifest_incluster"
              }
            ],
            [
              {
                "type": "get_attr",
                "value": "yaml_body"
              }
            ],
            [
              {
                "type": "get_attr",
                "value": "yaml_incluster"
              }
            ]
          ],
          "identity_schema_version": 0,
          "private": "eyJlMmJmYjczMC1lY2FhLTExZTYtOGY4OC0zNDM2M2JjN2M0YzAiOnsiY3JlYXRlIjo2MDAwMDAwMDAwMDB9LCJzY2hlbWFfdmVyc2lvbiI6IjEifQ==",
          "dependencies": [
            "aws_eks_access_entry.lab_role",
            "aws_eks_access_policy_association.lab_role_admin",
            "aws_eks_cluster.eks",
            "aws_eks_node_group.nodes",
            "aws_internet_gateway.igw",
            "aws_route_table.public",
            "aws_route_table_association.public",
            "aws_security_group.eks",
            "aws_subnet.public",
            "aws_vpc.main",
            "data.aws_caller_identity.current",
            "data.aws_eks_cluster.cluster",
            "data.aws_eks_cluster_auth.auth",
            "data.aws_iam_role.eks_cluster_role",
            "data.aws_iam_role.eks_node_role",
            "data.aws_iam_role.lab_role",
            "kubectl_manifest.k8s_namespace"
          ]
        }
      ]
    },
    {
      "mode": "managed",
      "type": "kubectl_manifest",
      "name": "k8s_deployment",
      "provider": "provider[\"registry.terraform.io/gavinbunney/kubectl\"]",
      "instances": [
        {
          "schema_version": 1,
          "attributes": {
            "api_version": "apps/v1",
            "apply_only": false,
            "force_conflicts": false,
            "force_new": false,
            "id": "/apis/apps/v1/namespaces/mecanicaos/deployments/mecanicaos-api",
            "ignore_fields": null,
            "kind": "Deployment",
            "live_manifest_incluster": "d68e0388cd7794ca27fe42cd0de786b6e8d8e11ef2b4852c72ee1be2222adce8",
            "live_uid": "dc0911f6-e938-4b92-bbc7-c95876334730",
            "name": "mecanicaos-api",
            "namespace": "mecanicaos",
            "override_namespace": null,
            "sensitive_fields": null,
            "server_side_apply": false,
            "timeouts": null,
            "uid": "dc0911f6-e938-4b92-bbc7-c95876334730",
            "validate_schema": true,
            "wait": null,
            "wait_for_rollout": true,
            "yaml_body": "apiVersion: apps/v1\r\nkind: Deployment\r\nmetadata:\r\n  name: mecanicaos-api\r\n  namespace: mecanicaos\r\n  labels:\r\n    app: mecanicaos-api\r\nspec:\r\n  replicas: 2\r\n  selector:\r\n    matchLabels:\r\n      app: mecanicaos-api\r\n  template:\r\n    metadata:\r\n      labels:\r\n        app: mecanicaos-api\r\n    spec:\r\n      containers:\r\n        - name: mecanicaos-api\r\n          image: 339713065339.dkr.ecr.us-east-1.amazonaws.com/mecanicaos-ecr:latest\r\n          ports:\r\n            - containerPort: 80\r\n          envFrom:\r\n            - configMapRef:\r\n                name: api-configmap\r\n            - secretRef:\r\n                name: api-secret\r\n          resources:\r\n            requests:\r\n              cpu: 100m\r\n            limits:\r\n              cpu: 500m\r\n",
            "yaml_body_parsed": "apiVersion: apps/v1\nkind: Deployment\nmetadata:\n  labels:\n    app: mecanicaos-api\n  name: mecanicaos-api\n  namespace: mecanicaos\nspec:\n  replicas: 2\n  selector:\n    matchLabels:\n      app: mecanicaos-api\n  template:\n    metadata:\n      labels:\n        app: mecanicaos-api\n    spec:\n      containers:\n      - envFrom:\n        - configMapRef:\n            name: api-configmap\n        - secretRef:\n            name: api-secret\n        image: 339713065339.dkr.ecr.us-east-1.amazonaws.com/mecanicaos-ecr:latest\n        name: mecanicaos-api\n        ports:\n        - containerPort: 80\n        resources:\n          limits:\n            cpu: 500m\n          requests:\n            cpu: 100m\n",
            "yaml_incluster": "d68e0388cd7794ca27fe42cd0de786b6e8d8e11ef2b4852c72ee1be2222adce8"
          },
          "sensitive_attributes": [
            [
              {
                "type": "get_attr",
                "value": "live_manifest_incluster"
              }
            ],
            [
              {
                "type": "get_attr",
                "value": "yaml_body"
              }
            ],
            [
              {
                "type": "get_attr",
                "value": "yaml_incluster"
              }
            ]
          ],
          "identity_schema_version": 0,
          "private": "eyJlMmJmYjczMC1lY2FhLTExZTYtOGY4OC0zNDM2M2JjN2M0YzAiOnsiY3JlYXRlIjo2MDAwMDAwMDAwMDB9LCJzY2hlbWFfdmVyc2lvbiI6IjEifQ==",
          "dependencies": [
            "aws_eks_access_entry.lab_role",
            "aws_eks_access_policy_association.lab_role_admin",
            "aws_eks_cluster.eks",
            "aws_eks_node_group.nodes",
            "aws_internet_gateway.igw",
            "aws_route_table.public",
            "aws_route_table_association.public",
            "aws_security_group.eks",
            "aws_subnet.public",
            "aws_vpc.main",
            "data.aws_caller_identity.current",
            "data.aws_eks_cluster.cluster",
            "data.aws_eks_cluster_auth.auth",
            "data.aws_iam_role.eks_cluster_role",
            "data.aws_iam_role.eks_node_role",
            "data.aws_iam_role.lab_role",
            "kubectl_manifest.k8s_configmap",
            "kubectl_manifest.k8s_namespace",
            "kubectl_manifest.k8s_secret"
          ]
        }
      ]
    },
    {
      "mode": "managed",
      "type": "kubectl_manifest",
      "name": "k8s_hpa",
      "provider": "provider[\"registry.terraform.io/gavinbunney/kubectl\"]",
      "instances": [
        {
          "schema_version": 1,
          "attributes": {
            "api_version": "autoscaling/v2",
            "apply_only": false,
            "force_conflicts": false,
            "force_new": false,
            "id": "/apis/autoscaling/v2/namespaces/mecanicaos/horizontalpodautoscalers/mecanicaos-hpa",
            "ignore_fields": null,
            "kind": "HorizontalPodAutoscaler",
            "live_manifest_incluster": "c6ad14acba1b7d601a30b58500f605a805625b1079935581305ceb627e466eb2",
            "live_uid": "e3394075-b42c-470e-b0e0-cbff52349190",
            "name": "mecanicaos-hpa",
            "namespace": "mecanicaos",
            "override_namespace": null,
            "sensitive_fields": null,
            "server_side_apply": false,
            "timeouts": null,
            "uid": "e3394075-b42c-470e-b0e0-cbff52349190",
            "validate_schema": true,
            "wait": null,
            "wait_for_rollout": true,
            "yaml_body": "apiVersion: autoscaling/v2\r\nkind: HorizontalPodAutoscaler\r\nmetadata:\r\n  name: mecanicaos-hpa\r\n  namespace: mecanicaos\r\nspec:\r\n  scaleTargetRef:\r\n    apiVersion: apps/v1\r\n    kind: Deployment\r\n    name: mecanicaos-api\r\n  minReplicas: 1\r\n  maxReplicas: 10\r\n  metrics:\r\n    - type: Resource\r\n      resource:\r\n        name: cpu\r\n        target:\r\n          type: Utilization\r\n          averageUtilization: 70",
            "yaml_body_parsed": "apiVersion: autoscaling/v2\nkind: HorizontalPodAutoscaler\nmetadata:\n  name: mecanicaos-hpa\n  namespace: mecanicaos\nspec:\n  maxReplicas: 10\n  metrics:\n  - resource:\n      name: cpu\n      target:\n        averageUtilization: 70\n        type: Utilization\n    type: Resource\n  minReplicas: 1\n  scaleTargetRef:\n    apiVersion: apps/v1\n    kind: Deployment\n    name: mecanicaos-api\n",
            "yaml_incluster": "c6ad14acba1b7d601a30b58500f605a805625b1079935581305ceb627e466eb2"
          },
          "sensitive_attributes": [
            [
              {
                "type": "get_attr",
                "value": "live_manifest_incluster"
              }
            ],
            [
              {
                "type": "get_attr",
                "value": "yaml_body"
              }
            ],
            [
              {
                "type": "get_attr",
                "value": "yaml_incluster"
              }
            ]
          ],
          "identity_schema_version": 0,
          "private": "eyJlMmJmYjczMC1lY2FhLTExZTYtOGY4OC0zNDM2M2JjN2M0YzAiOnsiY3JlYXRlIjo2MDAwMDAwMDAwMDB9LCJzY2hlbWFfdmVyc2lvbiI6IjEifQ==",
          "dependencies": [
            "aws_eks_access_entry.lab_role",
            "aws_eks_access_policy_association.lab_role_admin",
            "aws_eks_cluster.eks",
            "aws_eks_node_group.nodes",
            "aws_internet_gateway.igw",
            "aws_route_table.public",
            "aws_route_table_association.public",
            "aws_security_group.eks",
            "aws_subnet.public",
            "aws_vpc.main",
            "data.aws_caller_identity.current",
            "data.aws_eks_cluster.cluster",
            "data.aws_eks_cluster_auth.auth",
            "data.aws_iam_role.eks_cluster_role",
            "data.aws_iam_role.eks_node_role",
            "data.aws_iam_role.lab_role",
            "kubectl_manifest.k8s_configmap",
            "kubectl_manifest.k8s_deployment",
            "kubectl_manifest.k8s_namespace",
            "kubectl_manifest.k8s_secret"
          ]
        }
      ]
    },
    {
      "mode": "managed",
      "type": "kubectl_manifest",
      "name": "k8s_namespace",
      "provider": "provider[\"registry.terraform.io/gavinbunney/kubectl\"]",
      "instances": [
        {
          "schema_version": 1,
          "attributes": {
            "api_version": "v1",
            "apply_only": false,
            "force_conflicts": false,
            "force_new": false,
            "id": "/api/v1/namespaces/mecanicaos",
            "ignore_fields": null,
            "kind": "Namespace",
            "live_manifest_incluster": "969fd18660f638525817835013d6911625f706d1cb3ec072dac9cdbd1cd8292a",
            "live_uid": "ae4441da-e3df-4cfc-961d-f7d095deebb7",
            "name": "mecanicaos",
            "namespace": null,
            "override_namespace": null,
            "sensitive_fields": null,
            "server_side_apply": false,
            "timeouts": null,
            "uid": "ae4441da-e3df-4cfc-961d-f7d095deebb7",
            "validate_schema": true,
            "wait": null,
            "wait_for_rollout": true,
            "yaml_body": "apiVersion: v1\r\nkind: Namespace\r\nmetadata:\r\n  name: mecanicaos\r\n",
            "yaml_body_parsed": "apiVersion: v1\nkind: Namespace\nmetadata:\n  name: mecanicaos\n",
            "yaml_incluster": "969fd18660f638525817835013d6911625f706d1cb3ec072dac9cdbd1cd8292a"
          },
          "sensitive_attributes": [
            [
              {
                "type": "get_attr",
                "value": "live_manifest_incluster"
              }
            ],
            [
              {
                "type": "get_attr",
                "value": "yaml_body"
              }
            ],
            [
              {
                "type": "get_attr",
                "value": "yaml_incluster"
              }
            ]
          ],
          "identity_schema_version": 0,
          "private": "eyJlMmJmYjczMC1lY2FhLTExZTYtOGY4OC0zNDM2M2JjN2M0YzAiOnsiY3JlYXRlIjo2MDAwMDAwMDAwMDB9LCJzY2hlbWFfdmVyc2lvbiI6IjEifQ==",
          "dependencies": [
            "aws_eks_access_entry.lab_role",
            "aws_eks_access_policy_association.lab_role_admin",
            "aws_eks_cluster.eks",
            "aws_eks_node_group.nodes",
            "aws_internet_gateway.igw",
            "aws_route_table.public",
            "aws_route_table_association.public",
            "aws_security_group.eks",
            "aws_subnet.public",
            "aws_vpc.main",
            "data.aws_eks_cluster.cluster",
            "data.aws_eks_cluster_auth.auth",
            "data.aws_iam_role.eks_cluster_role",
            "data.aws_iam_role.eks_node_role",
            "data.aws_iam_role.lab_role"
          ]
        }
      ]
    },
    {
      "mode": "managed",
      "type": "kubectl_manifest",
      "name": "k8s_secret",
      "provider": "provider[\"registry.terraform.io/gavinbunney/kubectl\"]",
      "instances": [
        {
          "schema_version": 1,
          "attributes": {
            "api_version": "v1",
            "apply_only": false,
            "force_conflicts": false,
            "force_new": false,
            "id": "/api/v1/namespaces/mecanicaos/secrets/api-secret",
            "ignore_fields": null,
            "kind": "Secret",
            "live_manifest_incluster": "570ec90a78f6d25d72f0020495ccc214965e5a38d8ac8ff1330cc0e636d250ff",
            "live_uid": "402ab0e3-d7cc-4538-9984-ecfd7604af6a",
            "name": "api-secret",
            "namespace": "mecanicaos",
            "override_namespace": null,
            "sensitive_fields": null,
            "server_side_apply": false,
            "timeouts": null,
            "uid": "402ab0e3-d7cc-4538-9984-ecfd7604af6a",
            "validate_schema": true,
            "wait": null,
            "wait_for_rollout": true,
            "yaml_body": "apiVersion: v1\r\nkind: Secret\r\nmetadata:\r\n  name: api-secret\r\n  namespace: mecanicaos\r\ntype: Opaque\r\nstringData:\r\n  Jwt__SecretKey: \"5sBGFgI5yhtbfB50Xyohk9RLX/pWX7mRRLSP1pwceIdyD/Is6DkG6QTjELYjZSa7\"",
            "yaml_body_parsed": "apiVersion: v1\nkind: Secret\nmetadata:\n  name: api-secret\n  namespace: mecanicaos\nstringData:\n  Jwt__SecretKey: 5sBGFgI5yhtbfB50Xyohk9RLX/pWX7mRRLSP1pwceIdyD/Is6DkG6QTjELYjZSa7\ntype: Opaque\n",
            "yaml_incluster": "570ec90a78f6d25d72f0020495ccc214965e5a38d8ac8ff1330cc0e636d250ff"
          },
          "sensitive_attributes": [
            [
              {
                "type": "get_attr",
                "value": "live_manifest_incluster"
              }
            ],
            [
              {
                "type": "get_attr",
                "value": "yaml_body"
              }
            ],
            [
              {
                "type": "get_attr",
                "value": "yaml_incluster"
              }
            ]
          ],
          "identity_schema_version": 0,
          "private": "eyJlMmJmYjczMC1lY2FhLTExZTYtOGY4OC0zNDM2M2JjN2M0YzAiOnsiY3JlYXRlIjo2MDAwMDAwMDAwMDB9LCJzY2hlbWFfdmVyc2lvbiI6IjEifQ==",
          "dependencies": [
            "aws_eks_access_entry.lab_role",
            "aws_eks_access_policy_association.lab_role_admin",
            "aws_eks_cluster.eks",
            "aws_eks_node_group.nodes",
            "aws_internet_gateway.igw",
            "aws_route_table.public",
            "aws_route_table_association.public",
            "aws_security_group.eks",
            "aws_subnet.public",
            "aws_vpc.main",
            "data.aws_caller_identity.current",
            "data.aws_eks_cluster.cluster",
            "data.aws_eks_cluster_auth.auth",
            "data.aws_iam_role.eks_cluster_role",
            "data.aws_iam_role.eks_node_role",
            "data.aws_iam_role.lab_role",
            "kubectl_manifest.k8s_namespace"
          ]
        }
      ]
    },
    {
      "mode": "managed",
      "type": "kubectl_manifest",
      "name": "k8s_service",
      "provider": "provider[\"registry.terraform.io/gavinbunney/kubectl\"]",
      "instances": [
        {
          "schema_version": 1,
          "attributes": {
            "api_version": "v1",
            "apply_only": false,
            "force_conflicts": false,
            "force_new": false,
            "id": "/api/v1/namespaces/mecanicaos/services/mecanicaos-service",
            "ignore_fields": null,
            "kind": "Service",
            "live_manifest_incluster": "9c82105feb9e0aafac9ae070e59e36d764141896b0bf4a8bcaf887ba0e1c7b79",
            "live_uid": "0ab2d7e8-f916-4310-9038-215cc86b8a85",
            "name": "mecanicaos-service",
            "namespace": "mecanicaos",
            "override_namespace": null,
            "sensitive_fields": null,
            "server_side_apply": false,
            "timeouts": null,
            "uid": "0ab2d7e8-f916-4310-9038-215cc86b8a85",
            "validate_schema": true,
            "wait": null,
            "wait_for_rollout": true,
            "yaml_body": "apiVersion: v1\r\nkind: Service\r\nmetadata:\r\n  name: mecanicaos-service\r\n  namespace: mecanicaos\r\n  labels:\r\n    app: mecanicaos-api\r\nspec:\r\n  selector:\r\n    app: mecanicaos-api\r\n  type: LoadBalancer\r\n  ports:\r\n    - protocol: TCP\r\n      port: 80\r\n      targetPort: 80",
            "yaml_body_parsed": "apiVersion: v1\nkind: Service\nmetadata:\n  labels:\n    app: mecanicaos-api\n  name: mecanicaos-service\n  namespace: mecanicaos\nspec:\n  ports:\n  - port: 80\n    protocol: TCP\n    targetPort: 80\n  selector:\n    app: mecanicaos-api\n  type: LoadBalancer\n",
            "yaml_incluster": "9c82105feb9e0aafac9ae070e59e36d764141896b0bf4a8bcaf887ba0e1c7b79"
          },
          "sensitive_attributes": [
            [
              {
                "type": "get_attr",
                "value": "live_manifest_incluster"
              }
            ],
            [
              {
                "type": "get_attr",
                "value": "yaml_body"
              }
            ],
            [
              {
                "type": "get_attr",
                "value": "yaml_incluster"
              }
            ]
          ],
          "identity_schema_version": 0,
          "private": "eyJlMmJmYjczMC1lY2FhLTExZTYtOGY4OC0zNDM2M2JjN2M0YzAiOnsiY3JlYXRlIjo2MDAwMDAwMDAwMDB9LCJzY2hlbWFfdmVyc2lvbiI6IjEifQ==",
          "dependencies": [
            "aws_eks_access_entry.lab_role",
            "aws_eks_access_policy_association.lab_role_admin",
            "aws_eks_cluster.eks",
            "aws_eks_node_group.nodes",
            "aws_internet_gateway.igw",
            "aws_route_table.public",
            "aws_route_table_association.public",
            "aws_security_group.eks",
            "aws_subnet.public",
            "aws_vpc.main",
            "data.aws_caller_identity.current",
            "data.aws_eks_cluster.cluster",
            "data.aws_eks_cluster_auth.auth",
            "data.aws_iam_role.eks_cluster_role",
            "data.aws_iam_role.eks_node_role",
            "data.aws_iam_role.lab_role",
            "kubectl_manifest.k8s_configmap",
            "kubectl_manifest.k8s_deployment",
            "kubectl_manifest.k8s_namespace",
            "kubectl_manifest.k8s_secret"
          ]
        }
      ]
    },
    {
      "mode": "managed",
      "type": "kubectl_manifest",
      "name": "otel_collector_configmap",
      "provider": "provider[\"registry.terraform.io/gavinbunney/kubectl\"]",
      "instances": [
        {
          "schema_version": 1,
          "attributes": {
            "api_version": "v1",
            "apply_only": false,
            "force_conflicts": false,
            "force_new": false,
            "id": "/api/v1/namespaces/observability/configmaps/otel-collector-config",
            "ignore_fields": null,
            "kind": "ConfigMap",
            "live_manifest_incluster": "541bf0db327f8c21e5edac9701acb5aa13b36456c6b2a67da41c1e96d2c016b7",
            "live_uid": "4322618c-b634-4389-90a7-aabdb2f853fa",
            "name": "otel-collector-config",
            "namespace": "observability",
            "override_namespace": null,
            "sensitive_fields": null,
            "server_side_apply": false,
            "timeouts": null,
            "uid": "4322618c-b634-4389-90a7-aabdb2f853fa",
            "validate_schema": true,
            "wait": null,
            "wait_for_rollout": true,
            "yaml_body": "apiVersion: v1\r\nkind: ConfigMap\r\nmetadata:\r\n  name: otel-collector-config\r\n  namespace: observability\r\ndata:\r\n  otel-collector-config.yaml: |\r\n    receivers:\r\n      otlp:\r\n        protocols:\r\n          grpc:\r\n            endpoint: 0.0.0.0:4317\r\n          http:\r\n            endpoint: 0.0.0.0:4318\r\n\r\n    processors:\r\n      batch:\r\n        timeout: 10s\r\n        send_batch_size: 1024\r\n      memory_limiter:\r\n        check_interval: 1s\r\n        limit_mib: 512\r\n        spike_limit_mib: 128\r\n      resource:\r\n        attributes:\r\n          - key: deployment.environment\r\n            value: \"production\"\r\n            action: upsert\r\n\r\n    exporters:\r\n      # Datadog Exporter\r\n      datadog:\r\n        api:\r\n          key: ${DD_API_KEY}\r\n          site: datadoghq.com\r\n        traces:\r\n          span_name_as_resource_name: true\r\n        metrics:\r\n          resource_attributes_as_tags: true\r\n\r\n      # New Relic via OTLP (US region)\r\n      otlphttp/newrelic:\r\n        endpoint: https://otlp.nr-data.net\r\n        headers:\r\n          api-key: ${NR_LICENSE_KEY}\r\n\r\n    extensions:\r\n      health_check:\r\n        endpoint: 0.0.0.0:13133\r\n\r\n    service:\r\n      extensions: [health_check]\r\n      pipelines:\r\n        traces:\r\n          receivers: [otlp]\r\n          processors: [memory_limiter, batch, resource]\r\n          exporters: [datadog, otlphttp/newrelic]\r\n        metrics:\r\n          receivers: [otlp]\r\n          processors: [memory_limiter, batch, resource]\r\n          exporters: [datadog, otlphttp/newrelic]\r\n",
            "yaml_body_parsed": "apiVersion: v1\ndata:\n  otel-collector-config.yaml: |\n    receivers:\n      otlp:\n        protocols:\n          grpc:\n            endpoint: 0.0.0.0:4317\n          http:\n            endpoint: 0.0.0.0:4318\n\n    processors:\n      batch:\n        timeout: 10s\n        send_batch_size: 1024\n      memory_limiter:\n        check_interval: 1s\n        limit_mib: 512\n        spike_limit_mib: 128\n      resource:\n        attributes:\n          - key: deployment.environment\n            value: \"production\"\n            action: upsert\n\n    exporters:\n      # Datadog Exporter\n      datadog:\n        api:\n          key: ${DD_API_KEY}\n          site: datadoghq.com\n        traces:\n          span_name_as_resource_name: true\n        metrics:\n          resource_attributes_as_tags: true\n\n      # New Relic via OTLP (US region)\n      otlphttp/newrelic:\n        endpoint: https://otlp.nr-data.net\n        headers:\n          api-key: ${NR_LICENSE_KEY}\n\n    extensions:\n      health_check:\n        endpoint: 0.0.0.0:13133\n\n    service:\n      extensions: [health_check]\n      pipelines:\n        traces:\n          receivers: [otlp]\n          processors: [memory_limiter, batch, resource]\n          exporters: [datadog, otlphttp/newrelic]\n        metrics:\n          receivers: [otlp]\n          processors: [memory_limiter, batch, resource]\n          exporters: [datadog, otlphttp/newrelic]\nkind: ConfigMap\nmetadata:\n  name: otel-collector-config\n  namespace: observability\n",
            "yaml_incluster": "541bf0db327f8c21e5edac9701acb5aa13b36456c6b2a67da41c1e96d2c016b7"
          },
          "sensitive_attributes": [
            [
              {
                "type": "get_attr",
                "value": "live_manifest_incluster"
              }
            ],
            [
              {
                "type": "get_attr",
                "value": "yaml_body"
              }
            ],
            [
              {
                "type": "get_attr",
                "value": "yaml_incluster"
              }
            ]
          ],
          "identity_schema_version": 0,
          "private": "eyJlMmJmYjczMC1lY2FhLTExZTYtOGY4OC0zNDM2M2JjN2M0YzAiOnsiY3JlYXRlIjo2MDAwMDAwMDAwMDB9LCJzY2hlbWFfdmVyc2lvbiI6IjEifQ==",
          "dependencies": [
            "aws_eks_access_entry.lab_role",
            "aws_eks_access_policy_association.lab_role_admin",
            "aws_eks_cluster.eks",
            "aws_eks_node_group.nodes",
            "aws_internet_gateway.igw",
            "aws_route_table.public",
            "aws_route_table_association.public",
            "aws_security_group.eks",
            "aws_subnet.public",
            "aws_vpc.main",
            "data.aws_eks_cluster.cluster",
            "data.aws_eks_cluster_auth.auth",
            "data.aws_iam_role.eks_cluster_role",
            "data.aws_iam_role.eks_node_role",
            "data.aws_iam_role.lab_role",
            "kubectl_manifest.otel_namespace"
          ]
        }
      ]
    },
    {
      "mode": "managed",
      "type": "kubectl_manifest",
      "name": "otel_collector_deployment",
      "provider": "provider[\"registry.terraform.io/gavinbunney/kubectl\"]",
      "instances": [
        {
          "schema_version": 1,
          "attributes": {
            "api_version": "apps/v1",
            "apply_only": false,
            "force_conflicts": false,
            "force_new": false,
            "id": "/apis/apps/v1/namespaces/observability/deployments/otel-collector",
            "ignore_fields": null,
            "kind": "Deployment",
            "live_manifest_incluster": "e271d126081b2ac0e630c13982c368192b617d7e8e6ece478ff84dddec9e7b7a",
            "live_uid": "0edf7e60-cc38-4586-aec2-9c8fc3b1b0fb",
            "name": "otel-collector",
            "namespace": "observability",
            "override_namespace": null,
            "sensitive_fields": null,
            "server_side_apply": false,
            "timeouts": null,
            "uid": "0edf7e60-cc38-4586-aec2-9c8fc3b1b0fb",
            "validate_schema": true,
            "wait": null,
            "wait_for_rollout": true,
            "yaml_body": "apiVersion: apps/v1\r\nkind: Deployment\r\nmetadata:\r\n  name: otel-collector\r\n  namespace: observability\r\n  labels:\r\n    app: otel-collector\r\nspec:\r\n  replicas: 1\r\n  selector:\r\n    matchLabels:\r\n      app: otel-collector\r\n  template:\r\n    metadata:\r\n      labels:\r\n        app: otel-collector\r\n    spec:\r\n      containers:\r\n        - name: otel-collector\r\n          image: otel/opentelemetry-collector-contrib:0.114.0\r\n          args:\r\n            - --config=/etc/otel-collector-config.yaml\r\n          ports:\r\n            - containerPort: 4317\r\n              name: otlp-grpc\r\n              protocol: TCP\r\n            - containerPort: 4318\r\n              name: otlp-http\r\n              protocol: TCP\r\n            - containerPort: 13133\r\n              name: health\r\n              protocol: TCP\r\n          env:\r\n            - name: DD_API_KEY\r\n              valueFrom:\r\n                secretKeyRef:\r\n                  name: otel-collector-secret\r\n                  key: DD_API_KEY\r\n            - name: NR_LICENSE_KEY\r\n              valueFrom:\r\n                secretKeyRef:\r\n                  name: otel-collector-secret\r\n                  key: NR_LICENSE_KEY\r\n          volumeMounts:\r\n            - name: otel-collector-config\r\n              mountPath: /etc/otel-collector-config.yaml\r\n              subPath: otel-collector-config.yaml\r\n              readOnly: true\r\n          resources:\r\n            requests:\r\n              cpu: 100m\r\n              memory: 256Mi\r\n            limits:\r\n              cpu: 500m\r\n              memory: 512Mi\r\n          livenessProbe:\r\n            httpGet:\r\n              path: /\r\n              port: health\r\n            initialDelaySeconds: 10\r\n            periodSeconds: 10\r\n          readinessProbe:\r\n            httpGet:\r\n              path: /\r\n              port: health\r\n            initialDelaySeconds: 5\r\n            periodSeconds: 5\r\n      volumes:\r\n        - name: otel-collector-config\r\n          configMap:\r\n            name: otel-collector-config\r\n",
            "yaml_body_parsed": "apiVersion: apps/v1\nkind: Deployment\nmetadata:\n  labels:\n    app: otel-collector\n  name: otel-collector\n  namespace: observability\nspec:\n  replicas: 1\n  selector:\n    matchLabels:\n      app: otel-collector\n  template:\n    metadata:\n      labels:\n        app: otel-collector\n    spec:\n      containers:\n      - args:\n        - --config=/etc/otel-collector-config.yaml\n        env:\n        - name: DD_API_KEY\n          valueFrom:\n            secretKeyRef:\n              key: DD_API_KEY\n              name: otel-collector-secret\n        - name: NR_LICENSE_KEY\n          valueFrom:\n            secretKeyRef:\n              key: NR_LICENSE_KEY\n              name: otel-collector-secret\n        image: otel/opentelemetry-collector-contrib:0.114.0\n        livenessProbe:\n          httpGet:\n            path: /\n            port: health\n          initialDelaySeconds: 10\n          periodSeconds: 10\n        name: otel-collector\n        ports:\n        - containerPort: 4317\n          name: otlp-grpc\n          protocol: TCP\n        - containerPort: 4318\n          name: otlp-http\n          protocol: TCP\n        - containerPort: 13133\n          name: health\n          protocol: TCP\n        readinessProbe:\n          httpGet:\n            path: /\n            port: health\n          initialDelaySeconds: 5\n          periodSeconds: 5\n        resources:\n          limits:\n            cpu: 500m\n            memory: 512Mi\n          requests:\n            cpu: 100m\n            memory: 256Mi\n        volumeMounts:\n        - mountPath: /etc/otel-collector-config.yaml\n          name: otel-collector-config\n          readOnly: true\n          subPath: otel-collector-config.yaml\n      volumes:\n      - configMap:\n          name: otel-collector-config\n        name: otel-collector-config\n",
            "yaml_incluster": "e271d126081b2ac0e630c13982c368192b617d7e8e6ece478ff84dddec9e7b7a"
          },
          "sensitive_attributes": [
            [
              {
                "type": "get_attr",
                "value": "live_manifest_incluster"
              }
            ],
            [
              {
                "type": "get_attr",
                "value": "yaml_body"
              }
            ],
            [
              {
                "type": "get_attr",
                "value": "yaml_incluster"
              }
            ]
          ],
          "identity_schema_version": 0,
          "private": "eyJlMmJmYjczMC1lY2FhLTExZTYtOGY4OC0zNDM2M2JjN2M0YzAiOnsiY3JlYXRlIjo2MDAwMDAwMDAwMDB9LCJzY2hlbWFfdmVyc2lvbiI6IjEifQ==",
          "dependencies": [
            "aws_eks_access_entry.lab_role",
            "aws_eks_access_policy_association.lab_role_admin",
            "aws_eks_cluster.eks",
            "aws_eks_node_group.nodes",
            "aws_internet_gateway.igw",
            "aws_route_table.public",
            "aws_route_table_association.public",
            "aws_security_group.eks",
            "aws_subnet.public",
            "aws_vpc.main",
            "data.aws_eks_cluster.cluster",
            "data.aws_eks_cluster_auth.auth",
            "data.aws_iam_role.eks_cluster_role",
            "data.aws_iam_role.eks_node_role",
            "data.aws_iam_role.lab_role",
            "kubectl_manifest.otel_collector_configmap",
            "kubectl_manifest.otel_collector_secret",
            "kubectl_manifest.otel_namespace"
          ]
        }
      ]
    },
    {
      "mode": "managed",
      "type": "kubectl_manifest",
      "name": "otel_collector_secret",
      "provider": "provider[\"registry.terraform.io/gavinbunney/kubectl\"]",
      "instances": [
        {
          "schema_version": 1,
          "attributes": {
            "api_version": "v1",
            "apply_only": false,
            "force_conflicts": false,
            "force_new": false,
            "id": "/api/v1/namespaces/observability/secrets/otel-collector-secret",
            "ignore_fields": null,
            "kind": "Secret",
            "live_manifest_incluster": "4743ce2a7c36b2f6df2524a50bbff8fa74367a9d6d45cc1f17777e06e7586934",
            "live_uid": "d53ec8b8-9a89-44ec-8d92-fac1390d7338",
            "name": "otel-collector-secret",
            "namespace": "observability",
            "override_namespace": null,
            "sensitive_fields": null,
            "server_side_apply": false,
            "timeouts": null,
            "uid": "d53ec8b8-9a89-44ec-8d92-fac1390d7338",
            "validate_schema": true,
            "wait": null,
            "wait_for_rollout": true,
            "yaml_body": "apiVersion: v1\r\nkind: Secret\r\nmetadata:\r\n  name: otel-collector-secret\r\n  namespace: observability\r\ntype: Opaque\r\nstringData:\r\n  DD_API_KEY: \"e0f3dea9093bbb0e07c8a113afb986d3\"\r\n  NR_LICENSE_KEY: \"f744030d61e4cf2b9c652cdca9024fe2FFFFNRAL\"\r\n",
            "yaml_body_parsed": "apiVersion: v1\nkind: Secret\nmetadata:\n  name: otel-collector-secret\n  namespace: observability\nstringData:\n  DD_API_KEY: e0f3dea9093bbb0e07c8a113afb986d3\n  NR_LICENSE_KEY: f744030d61e4cf2b9c652cdca9024fe2FFFFNRAL\ntype: Opaque\n",
            "yaml_incluster": "4743ce2a7c36b2f6df2524a50bbff8fa74367a9d6d45cc1f17777e06e7586934"
          },
          "sensitive_attributes": [
            [
              {
                "type": "get_attr",
                "value": "live_manifest_incluster"
              }
            ],
            [
              {
                "type": "get_attr",
                "value": "yaml_body"
              }
            ],
            [
              {
                "type": "get_attr",
                "value": "yaml_incluster"
              }
            ]
          ],
          "identity_schema_version": 0,
          "private": "eyJlMmJmYjczMC1lY2FhLTExZTYtOGY4OC0zNDM2M2JjN2M0YzAiOnsiY3JlYXRlIjo2MDAwMDAwMDAwMDB9LCJzY2hlbWFfdmVyc2lvbiI6IjEifQ==",
          "dependencies": [
            "aws_eks_access_entry.lab_role",
            "aws_eks_access_policy_association.lab_role_admin",
            "aws_eks_cluster.eks",
            "aws_eks_node_group.nodes",
            "aws_internet_gateway.igw",
            "aws_route_table.public",
            "aws_route_table_association.public",
            "aws_security_group.eks",
            "aws_subnet.public",
            "aws_vpc.main",
            "data.aws_eks_cluster.cluster",
            "data.aws_eks_cluster_auth.auth",
            "data.aws_iam_role.eks_cluster_role",
            "data.aws_iam_role.eks_node_role",
            "data.aws_iam_role.lab_role",
            "kubectl_manifest.otel_namespace"
          ]
        }
      ]
    },
    {
      "mode": "managed",
      "type": "kubectl_manifest",
      "name": "otel_collector_service",
      "provider": "provider[\"registry.terraform.io/gavinbunney/kubectl\"]",
      "instances": [
        {
          "schema_version": 1,
          "attributes": {
            "api_version": "v1",
            "apply_only": false,
            "force_conflicts": false,
            "force_new": false,
            "id": "/api/v1/namespaces/observability/services/otel-collector",
            "ignore_fields": null,
            "kind": "Service",
            "live_manifest_incluster": "8d18de85377e6dbcfd318f69694314c25f24a75d81d44751794432e5aee00bb6",
            "live_uid": "91421e3f-5e29-4d1b-b4fd-74b1b6bc7b96",
            "name": "otel-collector",
            "namespace": "observability",
            "override_namespace": null,
            "sensitive_fields": null,
            "server_side_apply": false,
            "timeouts": null,
            "uid": "91421e3f-5e29-4d1b-b4fd-74b1b6bc7b96",
            "validate_schema": true,
            "wait": null,
            "wait_for_rollout": true,
            "yaml_body": "apiVersion: v1\r\nkind: Service\r\nmetadata:\r\n  name: otel-collector\r\n  namespace: observability\r\n  labels:\r\n    app: otel-collector\r\nspec:\r\n  type: ClusterIP\r\n  selector:\r\n    app: otel-collector\r\n  ports:\r\n    - name: otlp-grpc\r\n      port: 4317\r\n      targetPort: 4317\r\n      protocol: TCP\r\n    - name: otlp-http\r\n      port: 4318\r\n      targetPort: 4318\r\n      protocol: TCP\r\n    - name: health\r\n      port: 13133\r\n      targetPort: 13133\r\n      protocol: TCP\r\n",
            "yaml_body_parsed": "apiVersion: v1\nkind: Service\nmetadata:\n  labels:\n    app: otel-collector\n  name: otel-collector\n  namespace: observability\nspec:\n  ports:\n  - name: otlp-grpc\n    port: 4317\n    protocol: TCP\n    targetPort: 4317\n  - name: otlp-http\n    port: 4318\n    protocol: TCP\n    targetPort: 4318\n  - name: health\n    port: 13133\n    protocol: TCP\n    targetPort: 13133\n  selector:\n    app: otel-collector\n  type: ClusterIP\n",
            "yaml_incluster": "8d18de85377e6dbcfd318f69694314c25f24a75d81d44751794432e5aee00bb6"
          },
          "sensitive_attributes": [
            [
              {
                "type": "get_attr",
                "value": "live_manifest_incluster"
              }
            ],
            [
              {
                "type": "get_attr",
                "value": "yaml_body"
              }
            ],
            [
              {
                "type": "get_attr",
                "value": "yaml_incluster"
              }
            ]
          ],
          "identity_schema_version": 0,
          "private": "eyJlMmJmYjczMC1lY2FhLTExZTYtOGY4OC0zNDM2M2JjN2M0YzAiOnsiY3JlYXRlIjo2MDAwMDAwMDAwMDB9LCJzY2hlbWFfdmVyc2lvbiI6IjEifQ==",
          "dependencies": [
            "aws_eks_access_entry.lab_role",
            "aws_eks_access_policy_association.lab_role_admin",
            "aws_eks_cluster.eks",
            "aws_eks_node_group.nodes",
            "aws_internet_gateway.igw",
            "aws_route_table.public",
            "aws_route_table_association.public",
            "aws_security_group.eks",
            "aws_subnet.public",
            "aws_vpc.main",
            "data.aws_eks_cluster.cluster",
            "data.aws_eks_cluster_auth.auth",
            "data.aws_iam_role.eks_cluster_role",
            "data.aws_iam_role.eks_node_role",
            "data.aws_iam_role.lab_role",
            "kubectl_manifest.otel_collector_configmap",
            "kubectl_manifest.otel_collector_deployment",
            "kubectl_manifest.otel_collector_secret",
            "kubectl_manifest.otel_namespace"
          ]
        }
      ]
    },
    {
      "mode": "managed",
      "type": "kubectl_manifest",
      "name": "otel_namespace",
      "provider": "provider[\"registry.terraform.io/gavinbunney/kubectl\"]",
      "instances": [
        {
          "schema_version": 1,
          "attributes": {
            "api_version": "v1",
            "apply_only": false,
            "force_conflicts": false,
            "force_new": false,
            "id": "/api/v1/namespaces/observability",
            "ignore_fields": null,
            "kind": "Namespace",
            "live_manifest_incluster": "46371cdeb55501c74405dfef379eb194d351bf5e6079977268f03bbee222010c",
            "live_uid": "b19b375c-375b-4483-a669-2c707074f455",
            "name": "observability",
            "namespace": null,
            "override_namespace": null,
            "sensitive_fields": null,
            "server_side_apply": false,
            "timeouts": null,
            "uid": "b19b375c-375b-4483-a669-2c707074f455",
            "validate_schema": true,
            "wait": null,
            "wait_for_rollout": true,
            "yaml_body": "apiVersion: v1\r\nkind: Namespace\r\nmetadata:\r\n  name: observability\r\n  labels:\r\n    name: observability\r\n",
            "yaml_body_parsed": "apiVersion: v1\nkind: Namespace\nmetadata:\n  labels:\n    name: observability\n  name: observability\n",
            "yaml_incluster": "46371cdeb55501c74405dfef379eb194d351bf5e6079977268f03bbee222010c"
          },
          "sensitive_attributes": [
            [
              {
                "type": "get_attr",
                "value": "live_manifest_incluster"
              }
            ],
            [
              {
                "type": "get_attr",
                "value": "yaml_body"
              }
            ],
            [
              {
                "type": "get_attr",
                "value": "yaml_incluster"
              }
            ]
          ],
          "identity_schema_version": 0,
          "private": "eyJlMmJmYjczMC1lY2FhLTExZTYtOGY4OC0zNDM2M2JjN2M0YzAiOnsiY3JlYXRlIjo2MDAwMDAwMDAwMDB9LCJzY2hlbWFfdmVyc2lvbiI6IjEifQ==",
          "dependencies": [
            "aws_eks_access_entry.lab_role",
            "aws_eks_access_policy_association.lab_role_admin",
            "aws_eks_cluster.eks",
            "aws_eks_node_group.nodes",
            "aws_internet_gateway.igw",
            "aws_route_table.public",
            "aws_route_table_association.public",
            "aws_security_group.eks",
            "aws_subnet.public",
            "aws_vpc.main",
            "data.aws_eks_cluster.cluster",
            "data.aws_eks_cluster_auth.auth",
            "data.aws_iam_role.eks_cluster_role",
            "data.aws_iam_role.eks_node_role",
            "data.aws_iam_role.lab_role"
          ]
        }
      ]
    }
  ],
  "check_results": null
}
