{
  "version": 4,
  "terraform_version": "1.14.1",
  "serial": 328,
  "lineage": "d8cb3ada-861b-2de1-7960-072b92b38d3b",
  "outputs": {
    "ecr_repository_url": {
      "value": "339713065339.dkr.ecr.us-east-1.amazonaws.com/mecanicaos-ecr",
      "type": "string"
    }
  },
  "resources": [
    {
      "mode": "managed",
      "type": "aws_ecr_repository",
      "name": "app",
      "provider": "provider[\"registry.terraform.io/hashicorp/aws\"]",
      "instances": [
        {
          "schema_version": 0,
          "attributes": {
            "arn": "arn:aws:ecr:us-east-1:339713065339:repository/mecanicaos-ecr",
            "encryption_configuration": [
              {
                "encryption_type": "AES256",
                "kms_key": ""
              }
            ],
            "force_delete": true,
            "id": "mecanicaos-ecr",
            "image_scanning_configuration": [
              {
                "scan_on_push": true
              }
            ],
            "image_tag_mutability": "MUTABLE",
            "image_tag_mutability_exclusion_filter": [],
            "name": "mecanicaos-ecr",
            "region": "us-east-1",
            "registry_id": "339713065339",
            "repository_url": "339713065339.dkr.ecr.us-east-1.amazonaws.com/mecanicaos-ecr",
            "tags": {
              "Env": "production",
              "Project": "mecanicaos"
            },
            "tags_all": {
              "Env": "production",
              "Project": "mecanicaos"
            },
            "timeouts": null
          },
          "sensitive_attributes": [],
          "identity_schema_version": 0,
          "identity": {
            "account_id": "339713065339",
            "name": "mecanicaos-ecr",
            "region": "us-east-1"
          },
          "private": "eyJlMmJmYjczMC1lY2FhLTExZTYtOGY4OC0zNDM2M2JjN2M0YzAiOnsiZGVsZXRlIjoxMjAwMDAwMDAwMDAwfX0="
        }
      ]
    }
  ],
  "check_results": null
}
